// !$*UTF8*$!
{
	archiveVersion = 1;
	classes = {
	};
	objectVersion = 42;
	objects = {

/* Begin PBXAggregateTarget section */
		FE7810640C56F08A0037779D /* Make SVN Rev */ = {
			isa = PBXAggregateTarget;
			buildConfigurationList = FE7810670C56F0B30037779D /* Build configuration list for PBXAggregateTarget "Make SVN Rev" */;
			buildPhases = (
				FE7810630C56F08A0037779D /* ShellScript */,
			);
			dependencies = (
			);
			name = "Make SVN Rev";
			productName = "Make SVN Rev";
		};
/* End PBXAggregateTarget section */

/* Begin PBXBuildFile section */
		38FAF9B40C0129D500853CFE /* Foundation.framework in Frameworks */ = {isa = PBXBuildFile; fileRef = 089C1672FE841209C02AAC07 /* Foundation.framework */; };
		38FAF9B60C0129E400853CFE /* BackRow.framework in Frameworks */ = {isa = PBXBuildFile; fileRef = 38FAF9B50C0129E400853CFE /* BackRow.framework */; };
		38FAFC320C012A7800853CFE /* SapphireAppliance.m in Sources */ = {isa = PBXBuildFile; fileRef = 38FAFC2F0C012A7800853CFE /* SapphireAppliance.m */; };
		38FAFC330C012A7800853CFE /* SapphireBrowser.m in Sources */ = {isa = PBXBuildFile; fileRef = 38FAFC310C012A7800853CFE /* SapphireBrowser.m */; };
		8D5B49B0048680CD000E48DA /* InfoPlist.strings in Resources */ = {isa = PBXBuildFile; fileRef = 089C167DFE841241C02AAC07 /* InfoPlist.strings */; };
		F51BFEFF0C8CB85D00709A5E /* SapphireCollectionSettings.m in Sources */ = {isa = PBXBuildFile; fileRef = F51BFEFE0C8CB85D00709A5E /* SapphireCollectionSettings.m */; };
		F51DCDB90C30AE010046F25E /* SapphireVideoPlayer.m in Sources */ = {isa = PBXBuildFile; fileRef = F51DCDB80C30AE010046F25E /* SapphireVideoPlayer.m */; };
		F51F4B050CFC8AB300BEBAD6 /* SapphireVirtualDirectoryLoading.m in Sources */ = {isa = PBXBuildFile; fileRef = F51F4B040CFC8AB300BEBAD6 /* SapphireVirtualDirectoryLoading.m */; };
		F51F4B180CFC8C8C00BEBAD6 /* SapphireTextWithSpinnerController.m in Sources */ = {isa = PBXBuildFile; fileRef = F51F4B170CFC8C8C00BEBAD6 /* SapphireTextWithSpinnerController.m */; };
		F523996F0C2DCC9100D5DA2E /* SapphirePredicates.m in Sources */ = {isa = PBXBuildFile; fileRef = F523996E0C2DCC9100D5DA2E /* SapphirePredicates.m */; };
		F531A5BA0C2CB43400E46F62 /* SapphireMetaData.m in Sources */ = {isa = PBXBuildFile; fileRef = F531A5B90C2CB43400E46F62 /* SapphireMetaData.m */; };
		F531A98F0C2DACBE00E46F62 /* SapphireApplianceController.m in Sources */ = {isa = PBXBuildFile; fileRef = F531A98E0C2DACBE00E46F62 /* SapphireApplianceController.m */; };
		F54D06950CD690180081D6B1 /* SapphireLayerController.m in Sources */ = {isa = PBXBuildFile; fileRef = F54D06940CD690180081D6B1 /* SapphireLayerController.m */; };
		F5657BDE0CD6380C0053869E /* SapphireMediaMenuController.m in Sources */ = {isa = PBXBuildFile; fileRef = F5657BDD0CD6380C0053869E /* SapphireMediaMenuController.m */; };
		F5657C450CD66ECC0053869E /* SapphireCenteredMenuController.m in Sources */ = {isa = PBXBuildFile; fileRef = F5657C440CD66ECB0053869E /* SapphireCenteredMenuController.m */; };
		F5657C540CD66F770053869E /* SapphireMenuController.m in Sources */ = {isa = PBXBuildFile; fileRef = F5657C530CD66F750053869E /* SapphireMenuController.m */; };
		F5657D110CD685910053869E /* SapphireFrontRowCompat.m in Sources */ = {isa = PBXBuildFile; fileRef = F5657D100CD6858F0053869E /* SapphireFrontRowCompat.m */; };
		F565A1FD0C5BE81F00AE7110 /* SapphireAudioPlayer.m in Sources */ = {isa = PBXBuildFile; fileRef = F565A1FC0C5BE81F00AE7110 /* SapphireAudioPlayer.m */; };
		F565A34A0C5BF69D00AE7110 /* SapphireAudioMedia.m in Sources */ = {isa = PBXBuildFile; fileRef = F565A3490C5BF69D00AE7110 /* SapphireAudioMedia.m */; };
		F56A19490C3170870022918E /* AppKit.framework in Frameworks */ = {isa = PBXBuildFile; fileRef = F56A19480C3170870022918E /* AppKit.framework */; };
		F56A1B950C31B52B0022918E /* SapphireMediaPreview.m in Sources */ = {isa = PBXBuildFile; fileRef = F56A1B940C31B52B0022918E /* SapphireMediaPreview.m */; };
		F56A1DF50C31CE190022918E /* QTKit.framework in Frameworks */ = {isa = PBXBuildFile; fileRef = F56A1DF40C31CE190022918E /* QTKit.framework */; };
		F56B727A0C3716B300E934AA /* SapphireImporterDataMenu.m in Sources */ = {isa = PBXBuildFile; fileRef = F56B72790C3716B300E934AA /* SapphireImporterDataMenu.m */; };
		F56B72EF0C371E4B00E934AA /* SapphireTVShowImporter.m in Sources */ = {isa = PBXBuildFile; fileRef = F56B72EE0C371E4B00E934AA /* SapphireTVShowImporter.m */; };
		F56B74D60C3753E300E934AA /* NSString-Extensions.m in Sources */ = {isa = PBXBuildFile; fileRef = F56B74D50C3753E300E934AA /* NSString-Extensions.m */; };
		F56B765E0C3837CE00E934AA /* SapphireShowChooser.m in Sources */ = {isa = PBXBuildFile; fileRef = F56B765D0C3837CE00E934AA /* SapphireShowChooser.m */; };
		F56B77D70C3858B400E934AA /* DefaultPreview.png in Resources */ = {isa = PBXBuildFile; fileRef = F56B77D60C3858B400E934AA /* DefaultPreview.png */; };
		F5B8DEE90C8F85BB00489829 /* SapphireTVDirectory.m in Sources */ = {isa = PBXBuildFile; fileRef = F5B8DEE80C8F85BB00489829 /* SapphireTVDirectory.m */; };
		F5C078C70CF1033C007C9A16 /* SapphireVirtualDirectory.m in Sources */ = {isa = PBXBuildFile; fileRef = F5C078C60CF1033C007C9A16 /* SapphireVirtualDirectory.m */; };
		F5C4F58B0C677C4D00C99092 /* SapphireAllImporter.m in Sources */ = {isa = PBXBuildFile; fileRef = F5C4F58A0C677C4D00C99092 /* SapphireAllImporter.m */; };
		F5D0DEB60C331D76007652B2 /* SapphireTheme.m in Sources */ = {isa = PBXBuildFile; fileRef = F5D0DEB50C331D76007652B2 /* SapphireTheme.m */; };
		F5DF246B0C8636DE005C7ECB /* SapphireMultipleImporter.m in Sources */ = {isa = PBXBuildFile; fileRef = F5DF246A0C8636DE005C7ECB /* SapphireMultipleImporter.m */; };
		F5E849C70C3F008100913832 /* SapphireMetaDataScanner.m in Sources */ = {isa = PBXBuildFile; fileRef = F5E849C60C3F008100913832 /* SapphireMetaDataScanner.m */; };
		F5EA8FCE0C30459400B1EC7D /* SapphireMarkMenu.m in Sources */ = {isa = PBXBuildFile; fileRef = F5EA8FCD0C30459400B1EC7D /* SapphireMarkMenu.m */; };
		F5EA91350C3063F500B1EC7D /* SapphireMedia.m in Sources */ = {isa = PBXBuildFile; fileRef = F5EA91340C3063F500B1EC7D /* SapphireMedia.m */; };
		F5FDA1A20CE27CE700812CE5 /* BRLayerController.m in Sources */ = {isa = PBXBuildFile; fileRef = F5FD9F150CE27B9C00812CE5 /* BRLayerController.m */; };
		F5FDA1A30CE27CF000812CE5 /* BackRow.framework in Frameworks */ = {isa = PBXBuildFile; fileRef = 38FAF9B50C0129E400853CFE /* BackRow.framework */; };
		F5FDA1A80CE27D1C00812CE5 /* CompatClasses.framework in CopyFiles */ = {isa = PBXBuildFile; fileRef = F5FDA19F0CE27CDA00812CE5 /* CompatClasses.framework */; };
		FE076E400D0CCAA40053FF1A /* NSFileManager-Extensions.h in CopyFiles */ = {isa = PBXBuildFile; fileRef = FE076E3E0D0CCAA40053FF1A /* NSFileManager-Extensions.h */; };
		FE076E410D0CCAA40053FF1A /* NSFileManager-Extensions.m in Sources */ = {isa = PBXBuildFile; fileRef = FE076E3F0D0CCAA40053FF1A /* NSFileManager-Extensions.m */; };
		FE4239A40C331FFD0035A717 /* Green.png in Resources */ = {isa = PBXBuildFile; fileRef = FE4239A00C331FFD0035A717 /* Green.png */; };
		FE4239A50C331FFD0035A717 /* Yellow.png in Resources */ = {isa = PBXBuildFile; fileRef = FE4239A10C331FFD0035A717 /* Yellow.png */; };
		FE4239A60C331FFD0035A717 /* Blue.png in Resources */ = {isa = PBXBuildFile; fileRef = FE4239A20C331FFD0035A717 /* Blue.png */; };
		FE4239A70C331FFD0035A717 /* Orange_Red.png in Resources */ = {isa = PBXBuildFile; fileRef = FE4239A30C331FFD0035A717 /* Orange_Red.png */; };
		FE423A6B0C3338030035A717 /* Gear.png in Resources */ = {isa = PBXBuildFile; fileRef = FE423A6A0C3338030035A717 /* Gear.png */; };
		FE423A9F0C333DF40035A717 /* Cone.png in Resources */ = {isa = PBXBuildFile; fileRef = FE423A9E0C333DF40035A717 /* Cone.png */; };
		FE423ABE0C3341D70035A717 /* Eye.png in Resources */ = {isa = PBXBuildFile; fileRef = FE423ABD0C3341D70035A717 /* Eye.png */; };
		FE4BE49F0CBEAC7F00A7B24E /* SapphirePosterChooser.m in Sources */ = {isa = PBXBuildFile; fileRef = FE4BE49E0CBEAC7F00A7B24E /* SapphirePosterChooser.m */; };
		FE5AAF9E0C5A96EF00932075 /* SapphireMovieChooser.m in Sources */ = {isa = PBXBuildFile; fileRef = FE5AAF9D0C5A96EF00932075 /* SapphireMovieChooser.m */; };
		FE5BD4670C3090CD009F2B2E /* ApplianceIcon.png in Resources */ = {isa = PBXBuildFile; fileRef = FE5BD4660C3090CD009F2B2E /* ApplianceIcon.png */; };
		FE7856170CFC0B3900F56C1A /* Audio.png in Resources */ = {isa = PBXBuildFile; fileRef = FE7856150CFC0B3900F56C1A /* Audio.png */; };
		FE7856180CFC0B3900F56C1A /* Video.png in Resources */ = {isa = PBXBuildFile; fileRef = FE7856160CFC0B3900F56C1A /* Video.png */; };
		FE88FD100C2F564700C55E3F /* SapphireFileDataImporter.m in Sources */ = {isa = PBXBuildFile; fileRef = FE88FD0F0C2F564700C55E3F /* SapphireFileDataImporter.m */; };
		FE8D57D40C2DE4AF00BC1768 /* SapphireSettings.m in Sources */ = {isa = PBXBuildFile; fileRef = FE8D57D30C2DE4AF00BC1768 /* SapphireSettings.m */; };
		FE93394A0CCD5AFA005432A5 /* SapphireMovieDirectory.m in Sources */ = {isa = PBXBuildFile; fileRef = FE9339480CCD5AFA005432A5 /* SapphireMovieDirectory.m */; };
		FE98ED4A0CF62493000AB0F7 /* IMDB.png in Resources */ = {isa = PBXBuildFile; fileRef = FE98ED480CF62493000AB0F7 /* IMDB.png */; };
		FE98ED4B0CF62493000AB0F7 /* TVRage.png in Resources */ = {isa = PBXBuildFile; fileRef = FE98ED490CF62493000AB0F7 /* TVRage.png */; };
		FE98ED5E0CF6770B000AB0F7 /* TV.png in Resources */ = {isa = PBXBuildFile; fileRef = FE98ED5C0CF6770B000AB0F7 /* TV.png */; };
		FE98ED5F0CF6770B000AB0F7 /* Movie.png in Resources */ = {isa = PBXBuildFile; fileRef = FE98ED5D0CF6770B000AB0F7 /* Movie.png */; };
		FE98ED660CF679EB000AB0F7 /* AC3.png in Resources */ = {isa = PBXBuildFile; fileRef = FE98ED650CF679EB000AB0F7 /* AC3.png */; };
		FE98ED6A0CF67BFF000AB0F7 /* Report.png in Resources */ = {isa = PBXBuildFile; fileRef = FE98ED680CF67BFF000AB0F7 /* Report.png */; };
		FE98ED6B0CF67BFF000AB0F7 /* File.png in Resources */ = {isa = PBXBuildFile; fileRef = FE98ED690CF67BFF000AB0F7 /* File.png */; };
		FE98ED710CF67F11000AB0F7 /* Note.png in Resources */ = {isa = PBXBuildFile; fileRef = FE98ED700CF67F11000AB0F7 /* Note.png */; };
		FEB9DE9F0C96095A00E7788A /* SapphireMovieImporter.m in Sources */ = {isa = PBXBuildFile; fileRef = FEB9DE9D0C96095A00E7788A /* SapphireMovieImporter.m */; };
		FEC18C150CF7CB8E001DCAB9 /* Import.png in Resources */ = {isa = PBXBuildFile; fileRef = FEC18C140CF7CB8E001DCAB9 /* Import.png */; };
		FEC18C320CF7D99F001DCAB9 /* FrontRow.png in Resources */ = {isa = PBXBuildFile; fileRef = FEC18C300CF7D99F001DCAB9 /* FrontRow.png */; };
		FEC18C330CF7D99F001DCAB9 /* FastSwitch.png in Resources */ = {isa = PBXBuildFile; fileRef = FEC18C310CF7D99F001DCAB9 /* FastSwitch.png */; };
		FECB26DA0D012CA700C7C6D5 /* AMPAS_Oscar_H.png in Resources */ = {isa = PBXBuildFile; fileRef = FECB26D90D012CA700C7C6D5 /* AMPAS_Oscar_H.png */; };
		FECB26EA0D01328900C7C6D5 /* video_H.png in Resources */ = {isa = PBXBuildFile; fileRef = FECB26E90D01328900C7C6D5 /* video_H.png */; };
		FED50A020CFB401F006982D2 /* AMPAS_Oscar.png in Resources */ = {isa = PBXBuildFile; fileRef = FED50A010CFB401F006982D2 /* AMPAS_Oscar.png */; };
		FED5D2D60CD6A205000E9588 /* PH.png in Resources */ = {isa = PBXBuildFile; fileRef = FED5D2D50CD6A205000E9588 /* PH.png */; };
/* End PBXBuildFile section */

/* Begin PBXContainerItemProxy section */
		F5FDA1C90CE282A800812CE5 /* PBXContainerItemProxy */ = {
			isa = PBXContainerItemProxy;
			containerPortal = 089C1669FE841209C02AAC07 /* Project object */;
			proxyType = 1;
			remoteGlobalIDString = F5FDA19E0CE27CDA00812CE5;
			remoteInfo = CompatClasses;
		};
		FE7810650C56F0950037779D /* PBXContainerItemProxy */ = {
			isa = PBXContainerItemProxy;
			containerPortal = 089C1669FE841209C02AAC07 /* Project object */;
			proxyType = 1;
			remoteGlobalIDString = FE7810640C56F08A0037779D;
			remoteInfo = "Make SVN Rev";
		};
/* End PBXContainerItemProxy section */

/* Begin PBXCopyFilesBuildPhase section */
		F5FDA1990CE27CC000812CE5 /* CopyFiles */ = {
			isa = PBXCopyFilesBuildPhase;
			buildActionMask = 2147483647;
			dstPath = "";
			dstSubfolderSpec = 10;
			files = (
				F5FDA1A80CE27D1C00812CE5 /* CompatClasses.framework in CopyFiles */,
				FE076E400D0CCAA40053FF1A /* NSFileManager-Extensions.h in CopyFiles */,
			);
			runOnlyForDeploymentPostprocessing = 0;
		};
/* End PBXCopyFilesBuildPhase section */

/* Begin PBXFileReference section */
		089C1672FE841209C02AAC07 /* Foundation.framework */ = {isa = PBXFileReference; lastKnownFileType = wrapper.framework; name = Foundation.framework; path = /System/Library/Frameworks/Foundation.framework; sourceTree = "<absolute>"; };
		089C167EFE841241C02AAC07 /* English */ = {isa = PBXFileReference; fileEncoding = 10; lastKnownFileType = text.plist.strings; name = English; path = English.lproj/InfoPlist.strings; sourceTree = "<group>"; };
		32DBCF630370AF2F00C91783 /* Sapphire_Prefix.pch */ = {isa = PBXFileReference; fileEncoding = 4; lastKnownFileType = sourcecode.c.h; path = Sapphire_Prefix.pch; sourceTree = "<group>"; };
		3834DF340C031FDC009BE46D /* BackRowUtils.h */ = {isa = PBXFileReference; fileEncoding = 4; lastKnownFileType = sourcecode.c.h; path = BackRowUtils.h; sourceTree = "<group>"; };
		38FAF9B50C0129E400853CFE /* BackRow.framework */ = {isa = PBXFileReference; lastKnownFileType = wrapper.framework; name = BackRow.framework; path = /System/Library/PrivateFrameworks/BackRow.framework; sourceTree = "<absolute>"; };
		38FAFC2E0C012A7800853CFE /* SapphireBrowser.h */ = {isa = PBXFileReference; fileEncoding = 30; lastKnownFileType = sourcecode.c.h; path = SapphireBrowser.h; sourceTree = "<group>"; };
		38FAFC2F0C012A7800853CFE /* SapphireAppliance.m */ = {isa = PBXFileReference; fileEncoding = 30; lastKnownFileType = sourcecode.c.objc; path = SapphireAppliance.m; sourceTree = "<group>"; };
		38FAFC300C012A7800853CFE /* SapphireAppliance.h */ = {isa = PBXFileReference; fileEncoding = 30; lastKnownFileType = sourcecode.c.h; path = SapphireAppliance.h; sourceTree = "<group>"; };
		38FAFC310C012A7800853CFE /* SapphireBrowser.m */ = {isa = PBXFileReference; fileEncoding = 30; lastKnownFileType = sourcecode.c.objc; path = SapphireBrowser.m; sourceTree = "<group>"; };
		8D5B49B6048680CD000E48DA /* Sapphire.frappliance */ = {isa = PBXFileReference; explicitFileType = wrapper.cfbundle; includeInIndex = 0; path = Sapphire.frappliance; sourceTree = BUILT_PRODUCTS_DIR; };
		8D5B49B7048680CD000E48DA /* Info.plist */ = {isa = PBXFileReference; fileEncoding = 4; lastKnownFileType = text.xml; path = Info.plist; sourceTree = "<group>"; };
		F51BFEFD0C8CB85D00709A5E /* SapphireCollectionSettings.h */ = {isa = PBXFileReference; fileEncoding = 4; lastKnownFileType = sourcecode.c.h; path = SapphireCollectionSettings.h; sourceTree = "<group>"; };
		F51BFEFE0C8CB85D00709A5E /* SapphireCollectionSettings.m */ = {isa = PBXFileReference; fileEncoding = 4; lastKnownFileType = sourcecode.c.objc; path = SapphireCollectionSettings.m; sourceTree = "<group>"; };
		F51DCDB70C30AE010046F25E /* SapphireVideoPlayer.h */ = {isa = PBXFileReference; fileEncoding = 4; lastKnownFileType = sourcecode.c.h; path = SapphireVideoPlayer.h; sourceTree = "<group>"; };
		F51DCDB80C30AE010046F25E /* SapphireVideoPlayer.m */ = {isa = PBXFileReference; fileEncoding = 4; lastKnownFileType = sourcecode.c.objc; path = SapphireVideoPlayer.m; sourceTree = "<group>"; };
		F51F4B030CFC8AB300BEBAD6 /* SapphireVirtualDirectoryLoading.h */ = {isa = PBXFileReference; fileEncoding = 4; lastKnownFileType = sourcecode.c.h; path = SapphireVirtualDirectoryLoading.h; sourceTree = "<group>"; };
		F51F4B040CFC8AB300BEBAD6 /* SapphireVirtualDirectoryLoading.m */ = {isa = PBXFileReference; fileEncoding = 4; lastKnownFileType = sourcecode.c.objc; path = SapphireVirtualDirectoryLoading.m; sourceTree = "<group>"; };
		F51F4B160CFC8C8C00BEBAD6 /* SapphireTextWithSpinnerController.h */ = {isa = PBXFileReference; fileEncoding = 4; lastKnownFileType = sourcecode.c.h; path = SapphireTextWithSpinnerController.h; sourceTree = "<group>"; };
		F51F4B170CFC8C8C00BEBAD6 /* SapphireTextWithSpinnerController.m */ = {isa = PBXFileReference; fileEncoding = 4; lastKnownFileType = sourcecode.c.objc; path = SapphireTextWithSpinnerController.m; sourceTree = "<group>"; };
		F523996D0C2DCC9100D5DA2E /* SapphirePredicates.h */ = {isa = PBXFileReference; fileEncoding = 4; lastKnownFileType = sourcecode.c.h; path = SapphirePredicates.h; sourceTree = "<group>"; };
		F523996E0C2DCC9100D5DA2E /* SapphirePredicates.m */ = {isa = PBXFileReference; fileEncoding = 4; lastKnownFileType = sourcecode.c.objc; path = SapphirePredicates.m; sourceTree = "<group>"; };
		F531A5B80C2CB43400E46F62 /* SapphireMetaData.h */ = {isa = PBXFileReference; fileEncoding = 4; lastKnownFileType = sourcecode.c.h; path = SapphireMetaData.h; sourceTree = "<group>"; };
		F531A5B90C2CB43400E46F62 /* SapphireMetaData.m */ = {isa = PBXFileReference; fileEncoding = 4; lastKnownFileType = sourcecode.c.objc; path = SapphireMetaData.m; sourceTree = "<group>"; };
		F531A98D0C2DACBE00E46F62 /* SapphireApplianceController.h */ = {isa = PBXFileReference; fileEncoding = 30; lastKnownFileType = sourcecode.c.h; path = SapphireApplianceController.h; sourceTree = "<group>"; };
		F531A98E0C2DACBE00E46F62 /* SapphireApplianceController.m */ = {isa = PBXFileReference; fileEncoding = 30; lastKnownFileType = sourcecode.c.objc; path = SapphireApplianceController.m; sourceTree = "<group>"; };
		F54D06930CD690180081D6B1 /* SapphireLayerController.h */ = {isa = PBXFileReference; fileEncoding = 4; lastKnownFileType = sourcecode.c.h; path = SapphireLayerController.h; sourceTree = "<group>"; };
		F54D06940CD690180081D6B1 /* SapphireLayerController.m */ = {isa = PBXFileReference; fileEncoding = 4; lastKnownFileType = sourcecode.c.objc; path = SapphireLayerController.m; sourceTree = "<group>"; };
		F5657BDC0CD6380C0053869E /* SapphireMediaMenuController.h */ = {isa = PBXFileReference; fileEncoding = 4; lastKnownFileType = sourcecode.c.h; path = SapphireMediaMenuController.h; sourceTree = "<group>"; };
		F5657BDD0CD6380C0053869E /* SapphireMediaMenuController.m */ = {isa = PBXFileReference; fileEncoding = 4; lastKnownFileType = sourcecode.c.objc; path = SapphireMediaMenuController.m; sourceTree = "<group>"; };
		F5657C430CD66ECA0053869E /* SapphireCenteredMenuController.h */ = {isa = PBXFileReference; fileEncoding = 4; lastKnownFileType = sourcecode.c.h; path = SapphireCenteredMenuController.h; sourceTree = "<group>"; };
		F5657C440CD66ECB0053869E /* SapphireCenteredMenuController.m */ = {isa = PBXFileReference; fileEncoding = 4; lastKnownFileType = sourcecode.c.objc; path = SapphireCenteredMenuController.m; sourceTree = "<group>"; };
		F5657C520CD66F740053869E /* SapphireMenuController.h */ = {isa = PBXFileReference; fileEncoding = 4; lastKnownFileType = sourcecode.c.h; path = SapphireMenuController.h; sourceTree = "<group>"; };
		F5657C530CD66F750053869E /* SapphireMenuController.m */ = {isa = PBXFileReference; fileEncoding = 4; lastKnownFileType = sourcecode.c.objc; path = SapphireMenuController.m; sourceTree = "<group>"; };
		F5657D0F0CD6858C0053869E /* SapphireFrontRowCompat.h */ = {isa = PBXFileReference; fileEncoding = 4; lastKnownFileType = sourcecode.c.h; path = SapphireFrontRowCompat.h; sourceTree = "<group>"; };
		F5657D100CD6858F0053869E /* SapphireFrontRowCompat.m */ = {isa = PBXFileReference; fileEncoding = 4; lastKnownFileType = sourcecode.c.objc; path = SapphireFrontRowCompat.m; sourceTree = "<group>"; };
		F565A1FB0C5BE81F00AE7110 /* SapphireAudioPlayer.h */ = {isa = PBXFileReference; fileEncoding = 4; lastKnownFileType = sourcecode.c.h; path = SapphireAudioPlayer.h; sourceTree = "<group>"; };
		F565A1FC0C5BE81F00AE7110 /* SapphireAudioPlayer.m */ = {isa = PBXFileReference; fileEncoding = 4; lastKnownFileType = sourcecode.c.objc; path = SapphireAudioPlayer.m; sourceTree = "<group>"; };
		F565A3480C5BF69D00AE7110 /* SapphireAudioMedia.h */ = {isa = PBXFileReference; fileEncoding = 4; lastKnownFileType = sourcecode.c.h; path = SapphireAudioMedia.h; sourceTree = "<group>"; };
		F565A3490C5BF69D00AE7110 /* SapphireAudioMedia.m */ = {isa = PBXFileReference; fileEncoding = 4; lastKnownFileType = sourcecode.c.objc; path = SapphireAudioMedia.m; sourceTree = "<group>"; };
		F56A19480C3170870022918E /* AppKit.framework */ = {isa = PBXFileReference; lastKnownFileType = wrapper.framework; name = AppKit.framework; path = /System/Library/Frameworks/AppKit.framework; sourceTree = "<absolute>"; };
		F56A1B930C31B52B0022918E /* SapphireMediaPreview.h */ = {isa = PBXFileReference; fileEncoding = 4; lastKnownFileType = sourcecode.c.h; path = SapphireMediaPreview.h; sourceTree = "<group>"; };
		F56A1B940C31B52B0022918E /* SapphireMediaPreview.m */ = {isa = PBXFileReference; fileEncoding = 4; lastKnownFileType = sourcecode.c.objc; path = SapphireMediaPreview.m; sourceTree = "<group>"; };
		F56A1DF40C31CE190022918E /* QTKit.framework */ = {isa = PBXFileReference; lastKnownFileType = wrapper.framework; name = QTKit.framework; path = /System/Library/Frameworks/QTKit.framework; sourceTree = "<absolute>"; };
		F56B72780C3716B300E934AA /* SapphireImporterDataMenu.h */ = {isa = PBXFileReference; fileEncoding = 30; lastKnownFileType = sourcecode.c.h; path = SapphireImporterDataMenu.h; sourceTree = "<group>"; };
		F56B72790C3716B300E934AA /* SapphireImporterDataMenu.m */ = {isa = PBXFileReference; fileEncoding = 30; lastKnownFileType = sourcecode.c.objc; path = SapphireImporterDataMenu.m; sourceTree = "<group>"; };
		F56B72ED0C371E4B00E934AA /* SapphireTVShowImporter.h */ = {isa = PBXFileReference; fileEncoding = 30; lastKnownFileType = sourcecode.c.h; path = SapphireTVShowImporter.h; sourceTree = "<group>"; };
		F56B72EE0C371E4B00E934AA /* SapphireTVShowImporter.m */ = {isa = PBXFileReference; fileEncoding = 30; lastKnownFileType = sourcecode.c.objc; path = SapphireTVShowImporter.m; sourceTree = "<group>"; };
		F56B74D40C3753E300E934AA /* NSString-Extensions.h */ = {isa = PBXFileReference; fileEncoding = 4; lastKnownFileType = sourcecode.c.h; path = "NSString-Extensions.h"; sourceTree = "<group>"; };
		F56B74D50C3753E300E934AA /* NSString-Extensions.m */ = {isa = PBXFileReference; fileEncoding = 4; lastKnownFileType = sourcecode.c.objc; path = "NSString-Extensions.m"; sourceTree = "<group>"; };
		F56B765C0C3837CE00E934AA /* SapphireShowChooser.h */ = {isa = PBXFileReference; fileEncoding = 4; lastKnownFileType = sourcecode.c.h; path = SapphireShowChooser.h; sourceTree = "<group>"; };
		F56B765D0C3837CE00E934AA /* SapphireShowChooser.m */ = {isa = PBXFileReference; fileEncoding = 4; lastKnownFileType = sourcecode.c.objc; path = SapphireShowChooser.m; sourceTree = "<group>"; };
		F56B77D60C3858B400E934AA /* DefaultPreview.png */ = {isa = PBXFileReference; lastKnownFileType = image.png; path = DefaultPreview.png; sourceTree = "<group>"; };
		F585550E0C3D428F000C0448 /* Sapphire_Prefix.pch */ = {isa = PBXFileReference; fileEncoding = 30; lastKnownFileType = sourcecode.c.h; path = Sapphire_Prefix.pch; sourceTree = "<group>"; };
		F5B8DEE70C8F85BB00489829 /* SapphireTVDirectory.h */ = {isa = PBXFileReference; fileEncoding = 4; lastKnownFileType = sourcecode.c.h; path = SapphireTVDirectory.h; sourceTree = "<group>"; };
		F5B8DEE80C8F85BB00489829 /* SapphireTVDirectory.m */ = {isa = PBXFileReference; fileEncoding = 4; lastKnownFileType = sourcecode.c.objc; path = SapphireTVDirectory.m; sourceTree = "<group>"; };
		F5C078C50CF1033C007C9A16 /* SapphireVirtualDirectory.h */ = {isa = PBXFileReference; fileEncoding = 4; lastKnownFileType = sourcecode.c.h; path = SapphireVirtualDirectory.h; sourceTree = "<group>"; };
		F5C078C60CF1033C007C9A16 /* SapphireVirtualDirectory.m */ = {isa = PBXFileReference; fileEncoding = 4; lastKnownFileType = sourcecode.c.objc; path = SapphireVirtualDirectory.m; sourceTree = "<group>"; };
		F5C4F5890C677C4D00C99092 /* SapphireAllImporter.h */ = {isa = PBXFileReference; fileEncoding = 4; lastKnownFileType = sourcecode.c.h; path = SapphireAllImporter.h; sourceTree = "<group>"; };
		F5C4F58A0C677C4D00C99092 /* SapphireAllImporter.m */ = {isa = PBXFileReference; fileEncoding = 4; lastKnownFileType = sourcecode.c.objc; path = SapphireAllImporter.m; sourceTree = "<group>"; };
		F5D0DEB40C331D76007652B2 /* SapphireTheme.h */ = {isa = PBXFileReference; fileEncoding = 4; lastKnownFileType = sourcecode.c.h; path = SapphireTheme.h; sourceTree = "<group>"; };
		F5D0DEB50C331D76007652B2 /* SapphireTheme.m */ = {isa = PBXFileReference; fileEncoding = 4; lastKnownFileType = sourcecode.c.objc; path = SapphireTheme.m; sourceTree = "<group>"; };
		F5DF24690C8636DE005C7ECB /* SapphireMultipleImporter.h */ = {isa = PBXFileReference; fileEncoding = 30; lastKnownFileType = sourcecode.c.h; path = SapphireMultipleImporter.h; sourceTree = "<group>"; };
		F5DF246A0C8636DE005C7ECB /* SapphireMultipleImporter.m */ = {isa = PBXFileReference; fileEncoding = 30; lastKnownFileType = sourcecode.c.objc; path = SapphireMultipleImporter.m; sourceTree = "<group>"; };
		F5E849C50C3F008100913832 /* SapphireMetaDataScanner.h */ = {isa = PBXFileReference; fileEncoding = 4; lastKnownFileType = sourcecode.c.h; path = SapphireMetaDataScanner.h; sourceTree = "<group>"; };
		F5E849C60C3F008100913832 /* SapphireMetaDataScanner.m */ = {isa = PBXFileReference; fileEncoding = 4; lastKnownFileType = sourcecode.c.objc; path = SapphireMetaDataScanner.m; sourceTree = "<group>"; };
		F5EA8FCC0C30459400B1EC7D /* SapphireMarkMenu.h */ = {isa = PBXFileReference; fileEncoding = 4; lastKnownFileType = sourcecode.c.h; path = SapphireMarkMenu.h; sourceTree = "<group>"; };
		F5EA8FCD0C30459400B1EC7D /* SapphireMarkMenu.m */ = {isa = PBXFileReference; fileEncoding = 4; lastKnownFileType = sourcecode.c.objc; path = SapphireMarkMenu.m; sourceTree = "<group>"; };
		F5EA91330C3063F500B1EC7D /* SapphireMedia.h */ = {isa = PBXFileReference; fileEncoding = 4; lastKnownFileType = sourcecode.c.h; path = SapphireMedia.h; sourceTree = "<group>"; };
		F5EA91340C3063F500B1EC7D /* SapphireMedia.m */ = {isa = PBXFileReference; fileEncoding = 4; lastKnownFileType = sourcecode.c.objc; path = SapphireMedia.m; sourceTree = "<group>"; };
		F5FD9F140CE27B9C00812CE5 /* BRLayerController.h */ = {isa = PBXFileReference; fileEncoding = 4; lastKnownFileType = sourcecode.c.h; path = BRLayerController.h; sourceTree = "<group>"; };
		F5FD9F150CE27B9C00812CE5 /* BRLayerController.m */ = {isa = PBXFileReference; fileEncoding = 4; lastKnownFileType = sourcecode.c.objc; path = BRLayerController.m; sourceTree = "<group>"; };
		F5FD9F240CE27BD600812CE5 /* CompatClasses-Info.plist */ = {isa = PBXFileReference; lastKnownFileType = text.xml; path = "CompatClasses-Info.plist"; sourceTree = "<group>"; };
		F5FDA19F0CE27CDA00812CE5 /* CompatClasses.framework */ = {isa = PBXFileReference; explicitFileType = wrapper.framework; includeInIndex = 0; path = CompatClasses.framework; sourceTree = BUILT_PRODUCTS_DIR; };
		FE076E3E0D0CCAA40053FF1A /* NSFileManager-Extensions.h */ = {isa = PBXFileReference; fileEncoding = 30; lastKnownFileType = sourcecode.c.h; path = "NSFileManager-Extensions.h"; sourceTree = "<group>"; };
		FE076E3F0D0CCAA40053FF1A /* NSFileManager-Extensions.m */ = {isa = PBXFileReference; fileEncoding = 30; lastKnownFileType = sourcecode.c.objc; path = "NSFileManager-Extensions.m"; sourceTree = "<group>"; };
		FE4239A00C331FFD0035A717 /* Green.png */ = {isa = PBXFileReference; lastKnownFileType = image.png; path = Green.png; sourceTree = "<group>"; };
		FE4239A10C331FFD0035A717 /* Yellow.png */ = {isa = PBXFileReference; lastKnownFileType = image.png; path = Yellow.png; sourceTree = "<group>"; };
		FE4239A20C331FFD0035A717 /* Blue.png */ = {isa = PBXFileReference; lastKnownFileType = image.png; path = Blue.png; sourceTree = "<group>"; };
		FE4239A30C331FFD0035A717 /* Orange_Red.png */ = {isa = PBXFileReference; lastKnownFileType = image.png; path = Orange_Red.png; sourceTree = "<group>"; };
		FE423A6A0C3338030035A717 /* Gear.png */ = {isa = PBXFileReference; lastKnownFileType = image.png; path = Gear.png; sourceTree = "<group>"; };
		FE423A9E0C333DF40035A717 /* Cone.png */ = {isa = PBXFileReference; lastKnownFileType = image.png; path = Cone.png; sourceTree = "<group>"; };
		FE423ABD0C3341D70035A717 /* Eye.png */ = {isa = PBXFileReference; lastKnownFileType = image.png; path = Eye.png; sourceTree = "<group>"; };
		FE4BE49D0CBEAC7F00A7B24E /* SapphirePosterChooser.h */ = {isa = PBXFileReference; fileEncoding = 30; lastKnownFileType = sourcecode.c.h; path = SapphirePosterChooser.h; sourceTree = "<group>"; };
		FE4BE49E0CBEAC7F00A7B24E /* SapphirePosterChooser.m */ = {isa = PBXFileReference; fileEncoding = 30; lastKnownFileType = sourcecode.c.objc; path = SapphirePosterChooser.m; sourceTree = "<group>"; };
		FE5AAF9C0C5A96EF00932075 /* SapphireMovieChooser.h */ = {isa = PBXFileReference; fileEncoding = 30; lastKnownFileType = sourcecode.c.h; path = SapphireMovieChooser.h; sourceTree = "<group>"; };
		FE5AAF9D0C5A96EF00932075 /* SapphireMovieChooser.m */ = {isa = PBXFileReference; fileEncoding = 30; lastKnownFileType = sourcecode.c.objc; path = SapphireMovieChooser.m; sourceTree = "<group>"; };
		FE5BD4660C3090CD009F2B2E /* ApplianceIcon.png */ = {isa = PBXFileReference; lastKnownFileType = image.png; path = ApplianceIcon.png; sourceTree = "<group>"; };
		FE7856150CFC0B3900F56C1A /* Audio.png */ = {isa = PBXFileReference; lastKnownFileType = image.png; path = Audio.png; sourceTree = "<group>"; };
		FE7856160CFC0B3900F56C1A /* Video.png */ = {isa = PBXFileReference; lastKnownFileType = image.png; path = Video.png; sourceTree = "<group>"; };
		FE88FD0E0C2F564700C55E3F /* SapphireFileDataImporter.h */ = {isa = PBXFileReference; fileEncoding = 4; lastKnownFileType = sourcecode.c.h; path = SapphireFileDataImporter.h; sourceTree = "<group>"; };
		FE88FD0F0C2F564700C55E3F /* SapphireFileDataImporter.m */ = {isa = PBXFileReference; fileEncoding = 4; lastKnownFileType = sourcecode.c.objc; path = SapphireFileDataImporter.m; sourceTree = "<group>"; };
		FE8D57D20C2DE4AF00BC1768 /* SapphireSettings.h */ = {isa = PBXFileReference; fileEncoding = 4; lastKnownFileType = sourcecode.c.h; path = SapphireSettings.h; sourceTree = "<group>"; };
		FE8D57D30C2DE4AF00BC1768 /* SapphireSettings.m */ = {isa = PBXFileReference; fileEncoding = 4; lastKnownFileType = sourcecode.c.objc; path = SapphireSettings.m; sourceTree = "<group>"; };
		FE9339480CCD5AFA005432A5 /* SapphireMovieDirectory.m */ = {isa = PBXFileReference; fileEncoding = 30; lastKnownFileType = sourcecode.c.objc; path = SapphireMovieDirectory.m; sourceTree = "<group>"; };
		FE9339490CCD5AFA005432A5 /* SapphireMovieDirectory.h */ = {isa = PBXFileReference; fileEncoding = 30; lastKnownFileType = sourcecode.c.h; path = SapphireMovieDirectory.h; sourceTree = "<group>"; };
		FE98ED480CF62493000AB0F7 /* IMDB.png */ = {isa = PBXFileReference; lastKnownFileType = image.png; path = IMDB.png; sourceTree = "<group>"; };
		FE98ED490CF62493000AB0F7 /* TVRage.png */ = {isa = PBXFileReference; lastKnownFileType = image.png; path = TVRage.png; sourceTree = "<group>"; };
		FE98ED5C0CF6770B000AB0F7 /* TV.png */ = {isa = PBXFileReference; lastKnownFileType = image.png; path = TV.png; sourceTree = "<group>"; };
		FE98ED5D0CF6770B000AB0F7 /* Movie.png */ = {isa = PBXFileReference; lastKnownFileType = image.png; path = Movie.png; sourceTree = "<group>"; };
		FE98ED650CF679EB000AB0F7 /* AC3.png */ = {isa = PBXFileReference; lastKnownFileType = image.png; path = AC3.png; sourceTree = "<group>"; };
		FE98ED680CF67BFF000AB0F7 /* Report.png */ = {isa = PBXFileReference; lastKnownFileType = image.png; path = Report.png; sourceTree = "<group>"; };
		FE98ED690CF67BFF000AB0F7 /* File.png */ = {isa = PBXFileReference; lastKnownFileType = image.png; path = File.png; sourceTree = "<group>"; };
		FE98ED700CF67F11000AB0F7 /* Note.png */ = {isa = PBXFileReference; lastKnownFileType = image.png; path = Note.png; sourceTree = "<group>"; };
		FEB9DE9D0C96095A00E7788A /* SapphireMovieImporter.m */ = {isa = PBXFileReference; fileEncoding = 30; lastKnownFileType = sourcecode.c.objc; path = SapphireMovieImporter.m; sourceTree = "<group>"; };
		FEB9DE9E0C96095A00E7788A /* SapphireMovieImporter.h */ = {isa = PBXFileReference; fileEncoding = 30; lastKnownFileType = sourcecode.c.h; path = SapphireMovieImporter.h; sourceTree = "<group>"; };
		FEC18C140CF7CB8E001DCAB9 /* Import.png */ = {isa = PBXFileReference; lastKnownFileType = image.png; path = Import.png; sourceTree = "<group>"; };
		FEC18C300CF7D99F001DCAB9 /* FrontRow.png */ = {isa = PBXFileReference; lastKnownFileType = image.png; path = FrontRow.png; sourceTree = "<group>"; };
		FEC18C310CF7D99F001DCAB9 /* FastSwitch.png */ = {isa = PBXFileReference; lastKnownFileType = image.png; path = FastSwitch.png; sourceTree = "<group>"; };
		FECB26D90D012CA700C7C6D5 /* AMPAS_Oscar_H.png */ = {isa = PBXFileReference; lastKnownFileType = image.png; path = AMPAS_Oscar_H.png; sourceTree = "<group>"; };
		FECB26E90D01328900C7C6D5 /* video_H.png */ = {isa = PBXFileReference; lastKnownFileType = image.png; path = video_H.png; sourceTree = "<group>"; };
		FED50A010CFB401F006982D2 /* AMPAS_Oscar.png */ = {isa = PBXFileReference; lastKnownFileType = image.png; path = AMPAS_Oscar.png; sourceTree = "<group>"; };
		FED5D2D50CD6A205000E9588 /* PH.png */ = {isa = PBXFileReference; lastKnownFileType = image.png; path = PH.png; sourceTree = "<group>"; };
/* End PBXFileReference section */

/* Begin PBXFrameworksBuildPhase section */
		8D5B49B3048680CD000E48DA /* Frameworks */ = {
			isa = PBXFrameworksBuildPhase;
			buildActionMask = 2147483647;
			files = (
				38FAF9B40C0129D500853CFE /* Foundation.framework in Frameworks */,
				38FAF9B60C0129E400853CFE /* BackRow.framework in Frameworks */,
				F56A19490C3170870022918E /* AppKit.framework in Frameworks */,
				F56A1DF50C31CE190022918E /* QTKit.framework in Frameworks */,
			);
			runOnlyForDeploymentPostprocessing = 0;
		};
		F5FDA19D0CE27CDA00812CE5 /* Frameworks */ = {
			isa = PBXFrameworksBuildPhase;
			buildActionMask = 2147483647;
			files = (
				F5FDA1A30CE27CF000812CE5 /* BackRow.framework in Frameworks */,
			);
			runOnlyForDeploymentPostprocessing = 0;
		};
/* End PBXFrameworksBuildPhase section */

/* Begin PBXGroup section */
		089C166AFE841209C02AAC07 /* ApplianceBase */ = {
			isa = PBXGroup;
			children = (
				08FB77AFFE84173DC02AAC07 /* Classes */,
				32C88E010371C26100C91783 /* Other Sources */,
				089C167CFE841241C02AAC07 /* Resources */,
				089C1671FE841209C02AAC07 /* Frameworks and Libraries */,
				19C28FB8FE9D52D311CA2CBB /* Products */,
				F5FD9F240CE27BD600812CE5 /* CompatClasses-Info.plist */,
			);
			name = ApplianceBase;
			sourceTree = "<group>";
		};
		089C1671FE841209C02AAC07 /* Frameworks and Libraries */ = {
			isa = PBXGroup;
			children = (
				F56A1DF40C31CE190022918E /* QTKit.framework */,
				F56A19480C3170870022918E /* AppKit.framework */,
				089C1672FE841209C02AAC07 /* Foundation.framework */,
				38FAF9B50C0129E400853CFE /* BackRow.framework */,
			);
			name = "Frameworks and Libraries";
			sourceTree = "<group>";
		};
		089C167CFE841241C02AAC07 /* Resources */ = {
			isa = PBXGroup;
			children = (
				FECB26E90D01328900C7C6D5 /* video_H.png */,
				FECB26D90D012CA700C7C6D5 /* AMPAS_Oscar_H.png */,
				FE7856150CFC0B3900F56C1A /* Audio.png */,
				FE7856160CFC0B3900F56C1A /* Video.png */,
				FED50A010CFB401F006982D2 /* AMPAS_Oscar.png */,
				FEC18C300CF7D99F001DCAB9 /* FrontRow.png */,
				FEC18C310CF7D99F001DCAB9 /* FastSwitch.png */,
				FEC18C140CF7CB8E001DCAB9 /* Import.png */,
				FE98ED700CF67F11000AB0F7 /* Note.png */,
				FE98ED680CF67BFF000AB0F7 /* Report.png */,
				FE98ED690CF67BFF000AB0F7 /* File.png */,
				FE98ED650CF679EB000AB0F7 /* AC3.png */,
				FE98ED5C0CF6770B000AB0F7 /* TV.png */,
				FE98ED5D0CF6770B000AB0F7 /* Movie.png */,
				FE98ED480CF62493000AB0F7 /* IMDB.png */,
				FE98ED490CF62493000AB0F7 /* TVRage.png */,
				FED5D2D50CD6A205000E9588 /* PH.png */,
				F56B77D60C3858B400E934AA /* DefaultPreview.png */,
				FE423ABD0C3341D70035A717 /* Eye.png */,
				FE423A6A0C3338030035A717 /* Gear.png */,
				FE4239A00C331FFD0035A717 /* Green.png */,
				FE4239A10C331FFD0035A717 /* Yellow.png */,
				FE4239A20C331FFD0035A717 /* Blue.png */,
				FE423A9E0C333DF40035A717 /* Cone.png */,
				FE4239A30C331FFD0035A717 /* Orange_Red.png */,
				FE5BD4660C3090CD009F2B2E /* ApplianceIcon.png */,
				8D5B49B7048680CD000E48DA /* Info.plist */,
				089C167DFE841241C02AAC07 /* InfoPlist.strings */,
			);
			name = Resources;
			sourceTree = "<group>";
		};
		08FB77AFFE84173DC02AAC07 /* Classes */ = {
			isa = PBXGroup;
			children = (
				F575839F0C5D215E0079617A /* Players */,
				F56B6D8F0C34713400E934AA /* Browser */,
				F56B6D900C34713A00E934AA /* MetaData */,
				F57FFFC00C64028900450D81 /* MetaData Importing */,
				F56B6D920C34717200E934AA /* Settings */,
				F56B6D910C34714600E934AA /* FRAppliance */,
				F56B74D30C3753C100E934AA /* Extensions */,
				F5657BDA0CD637EC0053869E /* Compatibility Classes */,
				F585550E0C3D428F000C0448 /* Sapphire_Prefix.pch */,
			);
			name = Classes;
			sourceTree = "<group>";
		};
		19C28FB8FE9D52D311CA2CBB /* Products */ = {
			isa = PBXGroup;
			children = (
				8D5B49B6048680CD000E48DA /* Sapphire.frappliance */,
				F5FDA19F0CE27CDA00812CE5 /* CompatClasses.framework */,
			);
			name = Products;
			sourceTree = "<group>";
		};
		32C88E010371C26100C91783 /* Other Sources */ = {
			isa = PBXGroup;
			children = (
				32DBCF630370AF2F00C91783 /* Sapphire_Prefix.pch */,
				3834DF340C031FDC009BE46D /* BackRowUtils.h */,
			);
			name = "Other Sources";
			sourceTree = "<group>";
		};
		F5657BDA0CD637EC0053869E /* Compatibility Classes */ = {
			isa = PBXGroup;
			children = (
				F5657BDC0CD6380C0053869E /* SapphireMediaMenuController.h */,
				F5657BDD0CD6380C0053869E /* SapphireMediaMenuController.m */,
				F5657C430CD66ECA0053869E /* SapphireCenteredMenuController.h */,
				F5657C440CD66ECB0053869E /* SapphireCenteredMenuController.m */,
				F54D06930CD690180081D6B1 /* SapphireLayerController.h */,
				F54D06940CD690180081D6B1 /* SapphireLayerController.m */,
				F5657C520CD66F740053869E /* SapphireMenuController.h */,
				F5657C530CD66F750053869E /* SapphireMenuController.m */,
				F5657D0F0CD6858C0053869E /* SapphireFrontRowCompat.h */,
				F5657D100CD6858F0053869E /* SapphireFrontRowCompat.m */,
				F5FD9F140CE27B9C00812CE5 /* BRLayerController.h */,
				F5FD9F150CE27B9C00812CE5 /* BRLayerController.m */,
				F51F4B160CFC8C8C00BEBAD6 /* SapphireTextWithSpinnerController.h */,
				F51F4B170CFC8C8C00BEBAD6 /* SapphireTextWithSpinnerController.m */,
			);
			name = "Compatibility Classes";
			sourceTree = "<group>";
		};
		F56B6D8F0C34713400E934AA /* Browser */ = {
			isa = PBXGroup;
			children = (
				38FAFC2E0C012A7800853CFE /* SapphireBrowser.h */,
				38FAFC310C012A7800853CFE /* SapphireBrowser.m */,
				F56A1B930C31B52B0022918E /* SapphireMediaPreview.h */,
				F56A1B940C31B52B0022918E /* SapphireMediaPreview.m */,
				F51F4B030CFC8AB300BEBAD6 /* SapphireVirtualDirectoryLoading.h */,
				F51F4B040CFC8AB300BEBAD6 /* SapphireVirtualDirectoryLoading.m */,
			);
			name = Browser;
			sourceTree = "<group>";
		};
		F56B6D900C34713A00E934AA /* MetaData */ = {
			isa = PBXGroup;
			children = (
				F5EA8FCC0C30459400B1EC7D /* SapphireMarkMenu.h */,
				F5EA8FCD0C30459400B1EC7D /* SapphireMarkMenu.m */,
				F531A5B80C2CB43400E46F62 /* SapphireMetaData.h */,
				F531A5B90C2CB43400E46F62 /* SapphireMetaData.m */,
				F5E849C50C3F008100913832 /* SapphireMetaDataScanner.h */,
				F5E849C60C3F008100913832 /* SapphireMetaDataScanner.m */,
				FE5AAF9C0C5A96EF00932075 /* SapphireMovieChooser.h */,
				FE5AAF9D0C5A96EF00932075 /* SapphireMovieChooser.m */,
				FE9339480CCD5AFA005432A5 /* SapphireMovieDirectory.m */,
				FE9339490CCD5AFA005432A5 /* SapphireMovieDirectory.h */,
				F523996D0C2DCC9100D5DA2E /* SapphirePredicates.h */,
				F523996E0C2DCC9100D5DA2E /* SapphirePredicates.m */,
				FE4BE49D0CBEAC7F00A7B24E /* SapphirePosterChooser.h */,
				FE4BE49E0CBEAC7F00A7B24E /* SapphirePosterChooser.m */,
				F56B765C0C3837CE00E934AA /* SapphireShowChooser.h */,
				F56B765D0C3837CE00E934AA /* SapphireShowChooser.m */,
				F5B8DEE70C8F85BB00489829 /* SapphireTVDirectory.h */,
				F5B8DEE80C8F85BB00489829 /* SapphireTVDirectory.m */,
				F5C078C50CF1033C007C9A16 /* SapphireVirtualDirectory.h */,
				F5C078C60CF1033C007C9A16 /* SapphireVirtualDirectory.m */,
			);
			name = MetaData;
			sourceTree = "<group>";
		};
		F56B6D910C34714600E934AA /* FRAppliance */ = {
			isa = PBXGroup;
			children = (
				38FAFC300C012A7800853CFE /* SapphireAppliance.h */,
				38FAFC2F0C012A7800853CFE /* SapphireAppliance.m */,
				F531A98D0C2DACBE00E46F62 /* SapphireApplianceController.h */,
				F531A98E0C2DACBE00E46F62 /* SapphireApplianceController.m */,
			);
			name = FRAppliance;
			sourceTree = "<group>";
		};
		F56B6D920C34717200E934AA /* Settings */ = {
			isa = PBXGroup;
			children = (
				F51BFEFD0C8CB85D00709A5E /* SapphireCollectionSettings.h */,
				F51BFEFE0C8CB85D00709A5E /* SapphireCollectionSettings.m */,
				FE8D57D20C2DE4AF00BC1768 /* SapphireSettings.h */,
				FE8D57D30C2DE4AF00BC1768 /* SapphireSettings.m */,
				F5D0DEB40C331D76007652B2 /* SapphireTheme.h */,
				F5D0DEB50C331D76007652B2 /* SapphireTheme.m */,
			);
			name = Settings;
			sourceTree = "<group>";
		};
		F56B74D30C3753C100E934AA /* Extensions */ = {
			isa = PBXGroup;
			children = (
				FE076E3E0D0CCAA40053FF1A /* NSFileManager-Extensions.h */,
				FE076E3F0D0CCAA40053FF1A /* NSFileManager-Extensions.m */,
				F56B74D40C3753E300E934AA /* NSString-Extensions.h */,
				F56B74D50C3753E300E934AA /* NSString-Extensions.m */,
			);
			name = Extensions;
			sourceTree = "<group>";
		};
		F575839F0C5D215E0079617A /* Players */ = {
			isa = PBXGroup;
			children = (
				F565A3480C5BF69D00AE7110 /* SapphireAudioMedia.h */,
				F565A3490C5BF69D00AE7110 /* SapphireAudioMedia.m */,
				F565A1FB0C5BE81F00AE7110 /* SapphireAudioPlayer.h */,
				F565A1FC0C5BE81F00AE7110 /* SapphireAudioPlayer.m */,
				F5EA91330C3063F500B1EC7D /* SapphireMedia.h */,
				F5EA91340C3063F500B1EC7D /* SapphireMedia.m */,
				F51DCDB70C30AE010046F25E /* SapphireVideoPlayer.h */,
				F51DCDB80C30AE010046F25E /* SapphireVideoPlayer.m */,
			);
			name = Players;
			sourceTree = "<group>";
		};
		F57FFFC00C64028900450D81 /* MetaData Importing */ = {
			isa = PBXGroup;
			children = (
				FE88FD0E0C2F564700C55E3F /* SapphireFileDataImporter.h */,
				FE88FD0F0C2F564700C55E3F /* SapphireFileDataImporter.m */,
				F56B72780C3716B300E934AA /* SapphireImporterDataMenu.h */,
				F56B72790C3716B300E934AA /* SapphireImporterDataMenu.m */,
				FEB9DE9E0C96095A00E7788A /* SapphireMovieImporter.h */,
				FEB9DE9D0C96095A00E7788A /* SapphireMovieImporter.m */,
				F5DF24690C8636DE005C7ECB /* SapphireMultipleImporter.h */,
				F5DF246A0C8636DE005C7ECB /* SapphireMultipleImporter.m */,
				F56B72ED0C371E4B00E934AA /* SapphireTVShowImporter.h */,
				F56B72EE0C371E4B00E934AA /* SapphireTVShowImporter.m */,
				F5C4F5890C677C4D00C99092 /* SapphireAllImporter.h */,
				F5C4F58A0C677C4D00C99092 /* SapphireAllImporter.m */,
			);
			name = "MetaData Importing";
			sourceTree = "<group>";
		};
/* End PBXGroup section */

/* Begin PBXHeadersBuildPhase section */
		F5FDA19A0CE27CDA00812CE5 /* Headers */ = {
			isa = PBXHeadersBuildPhase;
			buildActionMask = 2147483647;
			files = (
			);
			runOnlyForDeploymentPostprocessing = 0;
		};
/* End PBXHeadersBuildPhase section */

/* Begin PBXNativeTarget section */
		8D5B49AC048680CD000E48DA /* Sapphire */ = {
			isa = PBXNativeTarget;
			buildConfigurationList = 1DEB913A08733D840010E9CD /* Build configuration list for PBXNativeTarget "Sapphire" */;
			buildPhases = (
				8D5B49AF048680CD000E48DA /* Resources */,
				8D5B49B1048680CD000E48DA /* Sources */,
				8D5B49B3048680CD000E48DA /* Frameworks */,
				F5FDA1990CE27CC000812CE5 /* CopyFiles */,
			);
			buildRules = (
			);
			dependencies = (
				FE7810660C56F0950037779D /* PBXTargetDependency */,
				F5FDA1CA0CE282A800812CE5 /* PBXTargetDependency */,
			);
			name = Sapphire;
			productInstallPath = /System/Library/CoreServices/Finder.app/Contents/PlugIns;
			productName = Sapphire;
			productReference = 8D5B49B6048680CD000E48DA /* Sapphire.frappliance */;
			productType = "com.apple.product-type.bundle";
		};
		F5FDA19E0CE27CDA00812CE5 /* CompatClasses */ = {
			isa = PBXNativeTarget;
			buildConfigurationList = F5FDA1A60CE27CF900812CE5 /* Build configuration list for PBXNativeTarget "CompatClasses" */;
			buildPhases = (
				F5FDA19A0CE27CDA00812CE5 /* Headers */,
				F5FDA19B0CE27CDA00812CE5 /* Resources */,
				F5FDA19C0CE27CDA00812CE5 /* Sources */,
				F5FDA19D0CE27CDA00812CE5 /* Frameworks */,
			);
			buildRules = (
			);
			dependencies = (
			);
			name = CompatClasses;
			productName = CompatClasses;
			productReference = F5FDA19F0CE27CDA00812CE5 /* CompatClasses.framework */;
			productType = "com.apple.product-type.framework";
		};
/* End PBXNativeTarget section */

/* Begin PBXProject section */
		089C1669FE841209C02AAC07 /* Project object */ = {
			isa = PBXProject;
			buildConfigurationList = 1DEB913E08733D840010E9CD /* Build configuration list for PBXProject "Sapphire" */;
			hasScannedForEncodings = 1;
			mainGroup = 089C166AFE841209C02AAC07 /* ApplianceBase */;
			projectDirPath = "";
			projectRoot = "";
			targets = (
				8D5B49AC048680CD000E48DA /* Sapphire */,
				FE7810640C56F08A0037779D /* Make SVN Rev */,
				F5FDA19E0CE27CDA00812CE5 /* CompatClasses */,
			);
		};
/* End PBXProject section */

/* Begin PBXResourcesBuildPhase section */
		8D5B49AF048680CD000E48DA /* Resources */ = {
			isa = PBXResourcesBuildPhase;
			buildActionMask = 2147483647;
			files = (
				8D5B49B0048680CD000E48DA /* InfoPlist.strings in Resources */,
				FE5BD4670C3090CD009F2B2E /* ApplianceIcon.png in Resources */,
				FE4239A40C331FFD0035A717 /* Green.png in Resources */,
				FE4239A50C331FFD0035A717 /* Yellow.png in Resources */,
				FE4239A60C331FFD0035A717 /* Blue.png in Resources */,
				FE4239A70C331FFD0035A717 /* Orange_Red.png in Resources */,
				FE423A6B0C3338030035A717 /* Gear.png in Resources */,
				FE423A9F0C333DF40035A717 /* Cone.png in Resources */,
				FE423ABE0C3341D70035A717 /* Eye.png in Resources */,
				F56B77D70C3858B400E934AA /* DefaultPreview.png in Resources */,
				FED5D2D60CD6A205000E9588 /* PH.png in Resources */,
				FE98ED4A0CF62493000AB0F7 /* IMDB.png in Resources */,
				FE98ED4B0CF62493000AB0F7 /* TVRage.png in Resources */,
				FE98ED5E0CF6770B000AB0F7 /* TV.png in Resources */,
				FE98ED5F0CF6770B000AB0F7 /* Movie.png in Resources */,
				FE98ED660CF679EB000AB0F7 /* AC3.png in Resources */,
				FE98ED6A0CF67BFF000AB0F7 /* Report.png in Resources */,
				FE98ED6B0CF67BFF000AB0F7 /* File.png in Resources */,
				FE98ED710CF67F11000AB0F7 /* Note.png in Resources */,
				FEC18C150CF7CB8E001DCAB9 /* Import.png in Resources */,
				FEC18C320CF7D99F001DCAB9 /* FrontRow.png in Resources */,
				FEC18C330CF7D99F001DCAB9 /* FastSwitch.png in Resources */,
				FED50A020CFB401F006982D2 /* AMPAS_Oscar.png in Resources */,
				FE7856170CFC0B3900F56C1A /* Audio.png in Resources */,
				FE7856180CFC0B3900F56C1A /* Video.png in Resources */,
				FECB26DA0D012CA700C7C6D5 /* AMPAS_Oscar_H.png in Resources */,
				FECB26EA0D01328900C7C6D5 /* video_H.png in Resources */,
			);
			runOnlyForDeploymentPostprocessing = 0;
		};
		F5FDA19B0CE27CDA00812CE5 /* Resources */ = {
			isa = PBXResourcesBuildPhase;
			buildActionMask = 2147483647;
			files = (
			);
			runOnlyForDeploymentPostprocessing = 0;
		};
/* End PBXResourcesBuildPhase section */

/* Begin PBXShellScriptBuildPhase section */
		FE7810630C56F08A0037779D /* ShellScript */ = {
			isa = PBXShellScriptBuildPhase;
			buildActionMask = 2147483647;
			files = (
			);
			inputPaths = (
				"$(SRCROOT)/.svn/dir-wcprops",
			);
			outputPaths = (
				"$(TARGET_BUILD_DIR)/include/SVNRevision.h",
			);
			runOnlyForDeploymentPostprocessing = 0;
			shellPath = /bin/sh;
			shellScript = "source scripts/getSVNRevision";
		};
/* End PBXShellScriptBuildPhase section */

/* Begin PBXSourcesBuildPhase section */
		8D5B49B1048680CD000E48DA /* Sources */ = {
			isa = PBXSourcesBuildPhase;
			buildActionMask = 2147483647;
			files = (
				38FAFC320C012A7800853CFE /* SapphireAppliance.m in Sources */,
				38FAFC330C012A7800853CFE /* SapphireBrowser.m in Sources */,
				F531A5BA0C2CB43400E46F62 /* SapphireMetaData.m in Sources */,
				F531A98F0C2DACBE00E46F62 /* SapphireApplianceController.m in Sources */,
				F523996F0C2DCC9100D5DA2E /* SapphirePredicates.m in Sources */,
				FE8D57D40C2DE4AF00BC1768 /* SapphireSettings.m in Sources */,
				FE88FD100C2F564700C55E3F /* SapphireFileDataImporter.m in Sources */,
				F5EA8FCE0C30459400B1EC7D /* SapphireMarkMenu.m in Sources */,
				F5EA91350C3063F500B1EC7D /* SapphireMedia.m in Sources */,
				F51DCDB90C30AE010046F25E /* SapphireVideoPlayer.m in Sources */,
				F56A1B950C31B52B0022918E /* SapphireMediaPreview.m in Sources */,
				F5D0DEB60C331D76007652B2 /* SapphireTheme.m in Sources */,
				F56B727A0C3716B300E934AA /* SapphireImporterDataMenu.m in Sources */,
				F56B72EF0C371E4B00E934AA /* SapphireTVShowImporter.m in Sources */,
				F56B74D60C3753E300E934AA /* NSString-Extensions.m in Sources */,
				F56B765E0C3837CE00E934AA /* SapphireShowChooser.m in Sources */,
				F5E849C70C3F008100913832 /* SapphireMetaDataScanner.m in Sources */,
				FE5AAF9E0C5A96EF00932075 /* SapphireMovieChooser.m in Sources */,
				F565A1FD0C5BE81F00AE7110 /* SapphireAudioPlayer.m in Sources */,
				F565A34A0C5BF69D00AE7110 /* SapphireAudioMedia.m in Sources */,
				F5C4F58B0C677C4D00C99092 /* SapphireAllImporter.m in Sources */,
				F5DF246B0C8636DE005C7ECB /* SapphireMultipleImporter.m in Sources */,
				F51BFEFF0C8CB85D00709A5E /* SapphireCollectionSettings.m in Sources */,
				F5B8DEE90C8F85BB00489829 /* SapphireTVDirectory.m in Sources */,
				FEB9DE9F0C96095A00E7788A /* SapphireMovieImporter.m in Sources */,
				FE4BE49F0CBEAC7F00A7B24E /* SapphirePosterChooser.m in Sources */,
				FE93394A0CCD5AFA005432A5 /* SapphireMovieDirectory.m in Sources */,
				F5657BDE0CD6380C0053869E /* SapphireMediaMenuController.m in Sources */,
				F5657C450CD66ECC0053869E /* SapphireCenteredMenuController.m in Sources */,
				F5657C540CD66F770053869E /* SapphireMenuController.m in Sources */,
				F5657D110CD685910053869E /* SapphireFrontRowCompat.m in Sources */,
				F54D06950CD690180081D6B1 /* SapphireLayerController.m in Sources */,
				F5C078C70CF1033C007C9A16 /* SapphireVirtualDirectory.m in Sources */,
				F51F4B050CFC8AB300BEBAD6 /* SapphireVirtualDirectoryLoading.m in Sources */,
				F51F4B180CFC8C8C00BEBAD6 /* SapphireTextWithSpinnerController.m in Sources */,
				FE076E410D0CCAA40053FF1A /* NSFileManager-Extensions.m in Sources */,
			);
			runOnlyForDeploymentPostprocessing = 0;
		};
		F5FDA19C0CE27CDA00812CE5 /* Sources */ = {
			isa = PBXSourcesBuildPhase;
			buildActionMask = 2147483647;
			files = (
				F5FDA1A20CE27CE700812CE5 /* BRLayerController.m in Sources */,
			);
			runOnlyForDeploymentPostprocessing = 0;
		};
/* End PBXSourcesBuildPhase section */

/* Begin PBXTargetDependency section */
		F5FDA1CA0CE282A800812CE5 /* PBXTargetDependency */ = {
			isa = PBXTargetDependency;
			target = F5FDA19E0CE27CDA00812CE5 /* CompatClasses */;
			targetProxy = F5FDA1C90CE282A800812CE5 /* PBXContainerItemProxy */;
		};
		FE7810660C56F0950037779D /* PBXTargetDependency */ = {
			isa = PBXTargetDependency;
			target = FE7810640C56F08A0037779D /* Make SVN Rev */;
			targetProxy = FE7810650C56F0950037779D /* PBXContainerItemProxy */;
		};
/* End PBXTargetDependency section */

/* Begin PBXVariantGroup section */
		089C167DFE841241C02AAC07 /* InfoPlist.strings */ = {
			isa = PBXVariantGroup;
			children = (
				089C167EFE841241C02AAC07 /* English */,
			);
			name = InfoPlist.strings;
			sourceTree = "<group>";
		};
/* End PBXVariantGroup section */

/* Begin XCBuildConfiguration section */
		1DEB913B08733D840010E9CD /* Debug */ = {
			isa = XCBuildConfiguration;
			buildSettings = {
				ARCHS = i386;
				COPY_PHASE_STRIP = NO;
				DEBUG_INFORMATION_FORMAT = stabs;
				FRAMEWORK_SEARCH_PATHS = (
					"$(inherited)",
					"$(FRAMEWORK_SEARCH_PATHS_QUOTED_1)",
				);
				FRAMEWORK_SEARCH_PATHS_QUOTED_1 = "\"$(SYSTEM_LIBRARY_DIR)/PrivateFrameworks\"";
				GCC_DYNAMIC_NO_PIC = NO;
				GCC_ENABLE_FIX_AND_CONTINUE = YES;
				GCC_MODEL_TUNING = G5;
				GCC_OPTIMIZATION_LEVEL = 0;
				GCC_PRECOMPILE_PREFIX_HEADER = YES;
				GCC_PREFIX_HEADER = Sapphire_Prefix.pch;
				INFOPLIST_FILE = Info.plist;
				INFOPLIST_OTHER_PREPROCESSOR_FLAGS = "-C";
				INFOPLIST_PREFIX_HEADER = "$(TARGET_BUILD_DIR)/include/SVNRevision.h";
				INFOPLIST_PREPROCESS = YES;
				INSTALL_PATH = /System/Library/CoreServices/Finder.app/Contents/PlugIns;
				OTHER_LDFLAGS = (
					"-undefined",
					dynamic_lookup,
				);
				PRODUCT_NAME = Sapphire;
				WRAPPER_EXTENSION = frappliance;
				ZERO_LINK = YES;
			};
			name = Debug;
		};
		1DEB913C08733D840010E9CD /* Release */ = {
			isa = XCBuildConfiguration;
			buildSettings = {
				FRAMEWORK_SEARCH_PATHS = (
					"$(inherited)",
					"$(FRAMEWORK_SEARCH_PATHS_QUOTED_1)",
				);
				FRAMEWORK_SEARCH_PATHS_QUOTED_1 = "\"$(SYSTEM_LIBRARY_DIR)/PrivateFrameworks\"";
				GCC_GENERATE_DEBUGGING_SYMBOLS = NO;
				GCC_MODEL_TUNING = G5;
				GCC_PRECOMPILE_PREFIX_HEADER = YES;
				GCC_PREFIX_HEADER = Sapphire_Prefix.pch;
				INFOPLIST_FILE = Info.plist;
				INFOPLIST_OTHER_PREPROCESSOR_FLAGS = "-C";
				INFOPLIST_PREFIX_HEADER = "$(TARGET_BUILD_DIR)/include/SVNRevision.h";
				INFOPLIST_PREPROCESS = YES;
				INSTALL_PATH = /System/Library/CoreServices/Finder.app/Contents/PlugIns;
				OTHER_LDFLAGS = (
					"-undefined",
					dynamic_lookup,
				);
				PRODUCT_NAME = Sapphire;
				WRAPPER_EXTENSION = frappliance;
			};
			name = Release;
		};
		1DEB913F08733D840010E9CD /* Debug */ = {
			isa = XCBuildConfiguration;
			buildSettings = {
				GCC_WARN_ABOUT_RETURN_TYPE = YES;
				GCC_WARN_UNUSED_VARIABLE = YES;
				PREBINDING = NO;
				SDKROOT = /Developer/SDKs/MacOSX10.4u.sdk;
			};
			name = Debug;
		};
		1DEB914008733D840010E9CD /* Release */ = {
			isa = XCBuildConfiguration;
			buildSettings = {
				ARCHS = (
					i386,
					ppc7400,
				);
				GCC_WARN_ABOUT_RETURN_TYPE = YES;
				GCC_WARN_UNUSED_VARIABLE = YES;
				PREBINDING = NO;
				SDKROOT = /Developer/SDKs/MacOSX10.4u.sdk;
			};
			name = Release;
		};
		F5FDA1A00CE27CDA00812CE5 /* Debug */ = {
			isa = XCBuildConfiguration;
			buildSettings = {
				COPY_PHASE_STRIP = NO;
				DYLIB_COMPATIBILITY_VERSION = 1;
				DYLIB_CURRENT_VERSION = 1;
				FRAMEWORK_SEARCH_PATHS = (
					"$(inherited)",
					"$(FRAMEWORK_SEARCH_PATHS_QUOTED_FOR_TARGET_1)",
				);
				FRAMEWORK_SEARCH_PATHS_QUOTED_FOR_TARGET_1 = "\"$(SYSTEM_LIBRARY_DIR)/PrivateFrameworks\"";
				FRAMEWORK_VERSION = A;
				GCC_DYNAMIC_NO_PIC = NO;
				GCC_ENABLE_FIX_AND_CONTINUE = YES;
				GCC_MODEL_TUNING = G5;
				GCC_OPTIMIZATION_LEVEL = 0;
				GCC_PRECOMPILE_PREFIX_HEADER = YES;
				GCC_PREFIX_HEADER = "$(SYSTEM_LIBRARY_DIR)/Frameworks/AppKit.framework/Headers/AppKit.h";
				INFOPLIST_FILE = "CompatClasses-Info.plist";
				INSTALL_PATH = "$(HOME)/Library/Frameworks";
				OTHER_LDFLAGS = (
					"-framework",
					Foundation,
					"-framework",
					AppKit,
				);
				PREBINDING = NO;
				PRODUCT_NAME = CompatClasses;
				ZERO_LINK = YES;
			};
			name = Debug;
		};
		F5FDA1A10CE27CDA00812CE5 /* Release */ = {
			isa = XCBuildConfiguration;
			buildSettings = {
				COPY_PHASE_STRIP = YES;
				DEBUG_INFORMATION_FORMAT = "dwarf-with-dsym";
				DYLIB_COMPATIBILITY_VERSION = 1;
				DYLIB_CURRENT_VERSION = 1;
				FRAMEWORK_SEARCH_PATHS = (
					"$(inherited)",
					"$(FRAMEWORK_SEARCH_PATHS_QUOTED_FOR_TARGET_1)",
				);
				FRAMEWORK_SEARCH_PATHS_QUOTED_FOR_TARGET_1 = "\"$(SYSTEM_LIBRARY_DIR)/PrivateFrameworks\"";
				FRAMEWORK_VERSION = A;
				GCC_ENABLE_FIX_AND_CONTINUE = NO;
				GCC_MODEL_TUNING = G5;
				GCC_PRECOMPILE_PREFIX_HEADER = YES;
				GCC_PREFIX_HEADER = "$(SYSTEM_LIBRARY_DIR)/Frameworks/AppKit.framework/Headers/AppKit.h";
				INFOPLIST_FILE = "CompatClasses-Info.plist";
				INSTALL_PATH = "$(HOME)/Library/Frameworks";
				OTHER_LDFLAGS = (
					"-framework",
					Foundation,
					"-framework",
					AppKit,
				);
				PREBINDING = NO;
				PRODUCT_NAME = CompatClasses;
				ZERO_LINK = NO;
			};
			name = Release;
		};
		FE7810680C56F0B30037779D /* Debug */ = {
			isa = XCBuildConfiguration;
			buildSettings = {
				COPY_PHASE_STRIP = NO;
				GCC_DYNAMIC_NO_PIC = NO;
				GCC_GENERATE_DEBUGGING_SYMBOLS = YES;
				GCC_OPTIMIZATION_LEVEL = 0;
				PRODUCT_NAME = "Make SVN Rev";
			};
			name = Debug;
		};
		FE7810690C56F0B30037779D /* Release */ = {
			isa = XCBuildConfiguration;
			buildSettings = {
				COPY_PHASE_STRIP = YES;
				GCC_ENABLE_FIX_AND_CONTINUE = NO;
				GCC_GENERATE_DEBUGGING_SYMBOLS = NO;
				PRODUCT_NAME = "Make SVN Rev";
				ZERO_LINK = NO;
			};
			name = Release;
		};
/* End XCBuildConfiguration section */

/* Begin XCConfigurationList section */
		1DEB913A08733D840010E9CD /* Build configuration list for PBXNativeTarget "Sapphire" */ = {
			isa = XCConfigurationList;
			buildConfigurations = (
				1DEB913B08733D840010E9CD /* Debug */,
				1DEB913C08733D840010E9CD /* Release */,
			);
			defaultConfigurationIsVisible = 0;
			defaultConfigurationName = Release;
		};
		1DEB913E08733D840010E9CD /* Build configuration list for PBXProject "Sapphire" */ = {
			isa = XCConfigurationList;
			buildConfigurations = (
				1DEB913F08733D840010E9CD /* Debug */,
				1DEB914008733D840010E9CD /* Release */,
			);
			defaultConfigurationIsVisible = 0;
			defaultConfigurationName = Release;
		};
		F5FDA1A60CE27CF900812CE5 /* Build configuration list for PBXNativeTarget "CompatClasses" */ = {
			isa = XCConfigurationList;
			buildConfigurations = (
				F5FDA1A00CE27CDA00812CE5 /* Debug */,
				F5FDA1A10CE27CDA00812CE5 /* Release */,
			);
			defaultConfigurationIsVisible = 0;
			defaultConfigurationName = Release;
		};
		FE7810670C56F0B30037779D /* Build configuration list for PBXAggregateTarget "Make SVN Rev" */ = {
			isa = XCConfigurationList;
			buildConfigurations = (
				FE7810680C56F0B30037779D /* Debug */,
				FE7810690C56F0B30037779D /* Release */,
			);
			defaultConfigurationIsVisible = 0;
			defaultConfigurationName = Release;
		};
/* End XCConfigurationList section */
	};
	rootObject = 089C1669FE841209C02AAC07 /* Project object */;
}
