// !$*UTF8*$!
{
	archiveVersion = 1;
	classes = {
	};
	objectVersion = 42;
	objects = {

/* Begin PBXBuildFile section */
		38FAF9B40C0129D500853CFE /* Foundation.framework in Frameworks */ = {isa = PBXBuildFile; fileRef = 089C1672FE841209C02AAC07 /* Foundation.framework */; };
		38FAF9B60C0129E400853CFE /* BackRow.framework in Frameworks */ = {isa = PBXBuildFile; fileRef = 38FAF9B50C0129E400853CFE /* BackRow.framework */; };
		38FAFC320C012A7800853CFE /* SapphireAppliance.m in Sources */ = {isa = PBXBuildFile; fileRef = 38FAFC2F0C012A7800853CFE /* SapphireAppliance.m */; };
		38FAFC330C012A7800853CFE /* SapphireBrowser.m in Sources */ = {isa = PBXBuildFile; fileRef = 38FAFC310C012A7800853CFE /* SapphireBrowser.m */; };
		8D5B49B0048680CD000E48DA /* InfoPlist.strings in Resources */ = {isa = PBXBuildFile; fileRef = 089C167DFE841241C02AAC07 /* InfoPlist.strings */; };
		F51DCDB90C30AE010046F25E /* SapphireVideoPlayer.m in Sources */ = {isa = PBXBuildFile; fileRef = F51DCDB80C30AE010046F25E /* SapphireVideoPlayer.m */; };
		F523996F0C2DCC9100D5DA2E /* SapphirePredicates.m in Sources */ = {isa = PBXBuildFile; fileRef = F523996E0C2DCC9100D5DA2E /* SapphirePredicates.m */; };
		F531A5BA0C2CB43400E46F62 /* SapphireMetaData.m in Sources */ = {isa = PBXBuildFile; fileRef = F531A5B90C2CB43400E46F62 /* SapphireMetaData.m */; };
		F531A98F0C2DACBE00E46F62 /* SapphireApplianceController.m in Sources */ = {isa = PBXBuildFile; fileRef = F531A98E0C2DACBE00E46F62 /* SapphireApplianceController.m */; };
		F56A19490C3170870022918E /* AppKit.framework in Frameworks */ = {isa = PBXBuildFile; fileRef = F56A19480C3170870022918E /* AppKit.framework */; };
		F56A1B950C31B52B0022918E /* SapphireMediaPreview.m in Sources */ = {isa = PBXBuildFile; fileRef = F56A1B940C31B52B0022918E /* SapphireMediaPreview.m */; };
		F56A1DF50C31CE190022918E /* QTKit.framework in Frameworks */ = {isa = PBXBuildFile; fileRef = F56A1DF40C31CE190022918E /* QTKit.framework */; };
		F5D0DEB60C331D76007652B2 /* SapphireTheme.m in Sources */ = {isa = PBXBuildFile; fileRef = F5D0DEB50C331D76007652B2 /* SapphireTheme.m */; };
		F5EA8FCE0C30459400B1EC7D /* SapphireMarkMenu.m in Sources */ = {isa = PBXBuildFile; fileRef = F5EA8FCD0C30459400B1EC7D /* SapphireMarkMenu.m */; };
		F5EA91350C3063F500B1EC7D /* SapphireMedia.m in Sources */ = {isa = PBXBuildFile; fileRef = F5EA91340C3063F500B1EC7D /* SapphireMedia.m */; };
		FE4239A40C331FFD0035A717 /* Green.png in Resources */ = {isa = PBXBuildFile; fileRef = FE4239A00C331FFD0035A717 /* Green.png */; };
		FE4239A50C331FFD0035A717 /* Yellow.png in Resources */ = {isa = PBXBuildFile; fileRef = FE4239A10C331FFD0035A717 /* Yellow.png */; };
		FE4239A60C331FFD0035A717 /* Blue.png in Resources */ = {isa = PBXBuildFile; fileRef = FE4239A20C331FFD0035A717 /* Blue.png */; };
		FE4239A70C331FFD0035A717 /* Orange_Red.png in Resources */ = {isa = PBXBuildFile; fileRef = FE4239A30C331FFD0035A717 /* Orange_Red.png */; };
		FE423A6B0C3338030035A717 /* Gear.png in Resources */ = {isa = PBXBuildFile; fileRef = FE423A6A0C3338030035A717 /* Gear.png */; };
		FE423A9F0C333DF40035A717 /* Cone.png in Resources */ = {isa = PBXBuildFile; fileRef = FE423A9E0C333DF40035A717 /* Cone.png */; };
		FE423ABE0C3341D70035A717 /* Eye.png in Resources */ = {isa = PBXBuildFile; fileRef = FE423ABD0C3341D70035A717 /* Eye.png */; };
		FE5BD4670C3090CD009F2B2E /* ApplianceIcon.png in Resources */ = {isa = PBXBuildFile; fileRef = FE5BD4660C3090CD009F2B2E /* ApplianceIcon.png */; };
		FE88FD100C2F564700C55E3F /* SapphirePopulateDataMenu.m in Sources */ = {isa = PBXBuildFile; fileRef = FE88FD0F0C2F564700C55E3F /* SapphirePopulateDataMenu.m */; };
		FE8D57D40C2DE4AF00BC1768 /* SapphireSettings.m in Sources */ = {isa = PBXBuildFile; fileRef = FE8D57D30C2DE4AF00BC1768 /* SapphireSettings.m */; };
/* End PBXBuildFile section */

/* Begin PBXFileReference section */
		089C1672FE841209C02AAC07 /* Foundation.framework */ = {isa = PBXFileReference; lastKnownFileType = wrapper.framework; name = Foundation.framework; path = /System/Library/Frameworks/Foundation.framework; sourceTree = "<absolute>"; };
		089C167EFE841241C02AAC07 /* English */ = {isa = PBXFileReference; fileEncoding = 10; lastKnownFileType = text.plist.strings; name = English; path = English.lproj/InfoPlist.strings; sourceTree = "<group>"; };
		32DBCF630370AF2F00C91783 /* Sapphire_Prefix.pch */ = {isa = PBXFileReference; fileEncoding = 4; lastKnownFileType = sourcecode.c.h; path = Sapphire_Prefix.pch; sourceTree = "<group>"; };
		3834DF340C031FDC009BE46D /* BackRowUtils.h */ = {isa = PBXFileReference; fileEncoding = 4; lastKnownFileType = sourcecode.c.h; path = BackRowUtils.h; sourceTree = "<group>"; };
		38FAF9B50C0129E400853CFE /* BackRow.framework */ = {isa = PBXFileReference; lastKnownFileType = wrapper.framework; name = BackRow.framework; path = /System/Library/PrivateFrameworks/BackRow.framework; sourceTree = "<absolute>"; };
		38FAFC2E0C012A7800853CFE /* SapphireBrowser.h */ = {isa = PBXFileReference; fileEncoding = 30; lastKnownFileType = sourcecode.c.h; path = SapphireBrowser.h; sourceTree = "<group>"; };
		38FAFC2F0C012A7800853CFE /* SapphireAppliance.m */ = {isa = PBXFileReference; fileEncoding = 30; lastKnownFileType = sourcecode.c.objc; path = SapphireAppliance.m; sourceTree = "<group>"; };
		38FAFC300C012A7800853CFE /* SapphireAppliance.h */ = {isa = PBXFileReference; fileEncoding = 30; lastKnownFileType = sourcecode.c.h; path = SapphireAppliance.h; sourceTree = "<group>"; };
		38FAFC310C012A7800853CFE /* SapphireBrowser.m */ = {isa = PBXFileReference; fileEncoding = 30; lastKnownFileType = sourcecode.c.objc; path = SapphireBrowser.m; sourceTree = "<group>"; };
		8D5B49B6048680CD000E48DA /* Sapphire.frappliance */ = {isa = PBXFileReference; explicitFileType = wrapper.cfbundle; includeInIndex = 0; path = Sapphire.frappliance; sourceTree = BUILT_PRODUCTS_DIR; };
		8D5B49B7048680CD000E48DA /* Info.plist */ = {isa = PBXFileReference; fileEncoding = 4; lastKnownFileType = text.xml; path = Info.plist; sourceTree = "<group>"; };
		F51DCDB70C30AE010046F25E /* SapphireVideoPlayer.h */ = {isa = PBXFileReference; fileEncoding = 4; lastKnownFileType = sourcecode.c.h; path = SapphireVideoPlayer.h; sourceTree = "<group>"; };
		F51DCDB80C30AE010046F25E /* SapphireVideoPlayer.m */ = {isa = PBXFileReference; fileEncoding = 4; lastKnownFileType = sourcecode.c.objc; path = SapphireVideoPlayer.m; sourceTree = "<group>"; };
		F523996D0C2DCC9100D5DA2E /* SapphirePredicates.h */ = {isa = PBXFileReference; fileEncoding = 4; lastKnownFileType = sourcecode.c.h; path = SapphirePredicates.h; sourceTree = "<group>"; };
		F523996E0C2DCC9100D5DA2E /* SapphirePredicates.m */ = {isa = PBXFileReference; fileEncoding = 4; lastKnownFileType = sourcecode.c.objc; path = SapphirePredicates.m; sourceTree = "<group>"; };
		F531A5B80C2CB43400E46F62 /* SapphireMetaData.h */ = {isa = PBXFileReference; fileEncoding = 4; lastKnownFileType = sourcecode.c.h; path = SapphireMetaData.h; sourceTree = "<group>"; };
		F531A5B90C2CB43400E46F62 /* SapphireMetaData.m */ = {isa = PBXFileReference; fileEncoding = 4; lastKnownFileType = sourcecode.c.objc; path = SapphireMetaData.m; sourceTree = "<group>"; };
		F531A98D0C2DACBE00E46F62 /* SapphireApplianceController.h */ = {isa = PBXFileReference; fileEncoding = 30; lastKnownFileType = sourcecode.c.h; path = SapphireApplianceController.h; sourceTree = "<group>"; };
		F531A98E0C2DACBE00E46F62 /* SapphireApplianceController.m */ = {isa = PBXFileReference; fileEncoding = 30; lastKnownFileType = sourcecode.c.objc; path = SapphireApplianceController.m; sourceTree = "<group>"; };
		F56A19480C3170870022918E /* AppKit.framework */ = {isa = PBXFileReference; lastKnownFileType = wrapper.framework; name = AppKit.framework; path = /System/Library/Frameworks/AppKit.framework; sourceTree = "<absolute>"; };
		F56A1B930C31B52B0022918E /* SapphireMediaPreview.h */ = {isa = PBXFileReference; fileEncoding = 4; lastKnownFileType = sourcecode.c.h; path = SapphireMediaPreview.h; sourceTree = "<group>"; };
		F56A1B940C31B52B0022918E /* SapphireMediaPreview.m */ = {isa = PBXFileReference; fileEncoding = 4; lastKnownFileType = sourcecode.c.objc; path = SapphireMediaPreview.m; sourceTree = "<group>"; };
		F56A1DF40C31CE190022918E /* QTKit.framework */ = {isa = PBXFileReference; lastKnownFileType = wrapper.framework; name = QTKit.framework; path = /System/Library/Frameworks/QTKit.framework; sourceTree = "<absolute>"; };
		F5D0DEB40C331D76007652B2 /* SapphireTheme.h */ = {isa = PBXFileReference; fileEncoding = 4; lastKnownFileType = sourcecode.c.h; path = SapphireTheme.h; sourceTree = "<group>"; };
		F5D0DEB50C331D76007652B2 /* SapphireTheme.m */ = {isa = PBXFileReference; fileEncoding = 4; lastKnownFileType = sourcecode.c.objc; path = SapphireTheme.m; sourceTree = "<group>"; };
		F5EA8FCC0C30459400B1EC7D /* SapphireMarkMenu.h */ = {isa = PBXFileReference; fileEncoding = 4; lastKnownFileType = sourcecode.c.h; path = SapphireMarkMenu.h; sourceTree = "<group>"; };
		F5EA8FCD0C30459400B1EC7D /* SapphireMarkMenu.m */ = {isa = PBXFileReference; fileEncoding = 4; lastKnownFileType = sourcecode.c.objc; path = SapphireMarkMenu.m; sourceTree = "<group>"; };
		F5EA91330C3063F500B1EC7D /* SapphireMedia.h */ = {isa = PBXFileReference; fileEncoding = 4; lastKnownFileType = sourcecode.c.h; path = SapphireMedia.h; sourceTree = "<group>"; };
		F5EA91340C3063F500B1EC7D /* SapphireMedia.m */ = {isa = PBXFileReference; fileEncoding = 4; lastKnownFileType = sourcecode.c.objc; path = SapphireMedia.m; sourceTree = "<group>"; };
		FE4239A00C331FFD0035A717 /* Green.png */ = {isa = PBXFileReference; lastKnownFileType = image.png; path = Green.png; sourceTree = "<group>"; };
		FE4239A10C331FFD0035A717 /* Yellow.png */ = {isa = PBXFileReference; lastKnownFileType = image.png; path = Yellow.png; sourceTree = "<group>"; };
		FE4239A20C331FFD0035A717 /* Blue.png */ = {isa = PBXFileReference; lastKnownFileType = image.png; path = Blue.png; sourceTree = "<group>"; };
		FE4239A30C331FFD0035A717 /* Orange_Red.png */ = {isa = PBXFileReference; lastKnownFileType = image.png; path = Orange_Red.png; sourceTree = "<group>"; };
		FE423A6A0C3338030035A717 /* Gear.png */ = {isa = PBXFileReference; lastKnownFileType = image.png; path = Gear.png; sourceTree = "<group>"; };
		FE423A9E0C333DF40035A717 /* Cone.png */ = {isa = PBXFileReference; lastKnownFileType = image.png; path = Cone.png; sourceTree = "<group>"; };
		FE423ABD0C3341D70035A717 /* Eye.png */ = {isa = PBXFileReference; lastKnownFileType = image.png; path = Eye.png; sourceTree = "<group>"; };
		FE5BD4660C3090CD009F2B2E /* ApplianceIcon.png */ = {isa = PBXFileReference; lastKnownFileType = image.png; path = ApplianceIcon.png; sourceTree = "<group>"; };
		FE88FD0E0C2F564700C55E3F /* SapphirePopulateDataMenu.h */ = {isa = PBXFileReference; fileEncoding = 4; lastKnownFileType = sourcecode.c.h; path = SapphirePopulateDataMenu.h; sourceTree = "<group>"; };
		FE88FD0F0C2F564700C55E3F /* SapphirePopulateDataMenu.m */ = {isa = PBXFileReference; fileEncoding = 4; lastKnownFileType = sourcecode.c.objc; path = SapphirePopulateDataMenu.m; sourceTree = "<group>"; };
		FE8D57D20C2DE4AF00BC1768 /* SapphireSettings.h */ = {isa = PBXFileReference; fileEncoding = 4; lastKnownFileType = sourcecode.c.h; path = SapphireSettings.h; sourceTree = "<group>"; };
		FE8D57D30C2DE4AF00BC1768 /* SapphireSettings.m */ = {isa = PBXFileReference; fileEncoding = 4; lastKnownFileType = sourcecode.c.objc; path = SapphireSettings.m; sourceTree = "<group>"; };
/* End PBXFileReference section */

/* Begin PBXFrameworksBuildPhase section */
		8D5B49B3048680CD000E48DA /* Frameworks */ = {
			isa = PBXFrameworksBuildPhase;
			buildActionMask = 2147483647;
			files = (
				38FAF9B40C0129D500853CFE /* Foundation.framework in Frameworks */,
				38FAF9B60C0129E400853CFE /* BackRow.framework in Frameworks */,
				F56A19490C3170870022918E /* AppKit.framework in Frameworks */,
				F56A1DF50C31CE190022918E /* QTKit.framework in Frameworks */,
			);
			runOnlyForDeploymentPostprocessing = 0;
		};
/* End PBXFrameworksBuildPhase section */

/* Begin PBXGroup section */
		089C166AFE841209C02AAC07 /* ApplianceBase */ = {
			isa = PBXGroup;
			children = (
				08FB77AFFE84173DC02AAC07 /* Classes */,
				32C88E010371C26100C91783 /* Other Sources */,
				089C167CFE841241C02AAC07 /* Resources */,
				089C1671FE841209C02AAC07 /* Frameworks and Libraries */,
				19C28FB8FE9D52D311CA2CBB /* Products */,
			);
			name = ApplianceBase;
			sourceTree = "<group>";
		};
		089C1671FE841209C02AAC07 /* Frameworks and Libraries */ = {
			isa = PBXGroup;
			children = (
				F56A1DF40C31CE190022918E /* QTKit.framework */,
				F56A19480C3170870022918E /* AppKit.framework */,
				089C1672FE841209C02AAC07 /* Foundation.framework */,
				38FAF9B50C0129E400853CFE /* BackRow.framework */,
			);
			name = "Frameworks and Libraries";
			sourceTree = "<group>";
		};
		089C167CFE841241C02AAC07 /* Resources */ = {
			isa = PBXGroup;
			children = (
				FE423ABD0C3341D70035A717 /* Eye.png */,
				FE423A6A0C3338030035A717 /* Gear.png */,
				FE4239A00C331FFD0035A717 /* Green.png */,
				FE4239A10C331FFD0035A717 /* Yellow.png */,
				FE4239A20C331FFD0035A717 /* Blue.png */,
				FE423A9E0C333DF40035A717 /* Cone.png */,
				FE4239A30C331FFD0035A717 /* Orange_Red.png */,
				FE5BD4660C3090CD009F2B2E /* ApplianceIcon.png */,
				8D5B49B7048680CD000E48DA /* Info.plist */,
				089C167DFE841241C02AAC07 /* InfoPlist.strings */,
			);
			name = Resources;
			sourceTree = "<group>";
		};
		08FB77AFFE84173DC02AAC07 /* Classes */ = {
			isa = PBXGroup;
			children = (
				F56B6D8F0C34713400E934AA /* Browser */,
				F56B6D900C34713A00E934AA /* MetaData */,
				F56B6D920C34717200E934AA /* Settings */,
				F56B6D910C34714600E934AA /* FRAppliance */,
			);
			name = Classes;
			sourceTree = "<group>";
		};
		19C28FB8FE9D52D311CA2CBB /* Products */ = {
			isa = PBXGroup;
			children = (
				8D5B49B6048680CD000E48DA /* Sapphire.frappliance */,
			);
			name = Products;
			sourceTree = "<group>";
		};
		32C88E010371C26100C91783 /* Other Sources */ = {
			isa = PBXGroup;
			children = (
				32DBCF630370AF2F00C91783 /* Sapphire_Prefix.pch */,
				3834DF340C031FDC009BE46D /* BackRowUtils.h */,
			);
			name = "Other Sources";
			sourceTree = "<group>";
		};
		F56B6D8F0C34713400E934AA /* Browser */ = {
			isa = PBXGroup;
			children = (
				38FAFC2E0C012A7800853CFE /* SapphireBrowser.h */,
				38FAFC310C012A7800853CFE /* SapphireBrowser.m */,
				F5EA91330C3063F500B1EC7D /* SapphireMedia.h */,
				F5EA91340C3063F500B1EC7D /* SapphireMedia.m */,
				F51DCDB70C30AE010046F25E /* SapphireVideoPlayer.h */,
				F51DCDB80C30AE010046F25E /* SapphireVideoPlayer.m */,
				F56A1B930C31B52B0022918E /* SapphireMediaPreview.h */,
				F56A1B940C31B52B0022918E /* SapphireMediaPreview.m */,
			);
			name = Browser;
			sourceTree = "<group>";
		};
		F56B6D900C34713A00E934AA /* MetaData */ = {
			isa = PBXGroup;
			children = (
				F5EA8FCC0C30459400B1EC7D /* SapphireMarkMenu.h */,
				F5EA8FCD0C30459400B1EC7D /* SapphireMarkMenu.m */,
				F531A5B80C2CB43400E46F62 /* SapphireMetaData.h */,
				F531A5B90C2CB43400E46F62 /* SapphireMetaData.m */,
				F523996D0C2DCC9100D5DA2E /* SapphirePredicates.h */,
				F523996E0C2DCC9100D5DA2E /* SapphirePredicates.m */,
				FE88FD0E0C2F564700C55E3F /* SapphirePopulateDataMenu.h */,
				FE88FD0F0C2F564700C55E3F /* SapphirePopulateDataMenu.m */,
			);
			name = MetaData;
			sourceTree = "<group>";
		};
		F56B6D910C34714600E934AA /* FRAppliance */ = {
			isa = PBXGroup;
			children = (
				38FAFC300C012A7800853CFE /* SapphireAppliance.h */,
				38FAFC2F0C012A7800853CFE /* SapphireAppliance.m */,
				F531A98D0C2DACBE00E46F62 /* SapphireApplianceController.h */,
				F531A98E0C2DACBE00E46F62 /* SapphireApplianceController.m */,
			);
			name = FRAppliance;
			sourceTree = "<group>";
		};
		F56B6D920C34717200E934AA /* Settings */ = {
			isa = PBXGroup;
			children = (
				FE8D57D20C2DE4AF00BC1768 /* SapphireSettings.h */,
				FE8D57D30C2DE4AF00BC1768 /* SapphireSettings.m */,
				F5D0DEB40C331D76007652B2 /* SapphireTheme.h */,
				F5D0DEB50C331D76007652B2 /* SapphireTheme.m */,
			);
			name = Settings;
			sourceTree = "<group>";
		};
/* End PBXGroup section */

/* Begin PBXNativeTarget section */
		8D5B49AC048680CD000E48DA /* Sapphire */ = {
			isa = PBXNativeTarget;
			buildConfigurationList = 1DEB913A08733D840010E9CD /* Build configuration list for PBXNativeTarget "Sapphire" */;
			buildPhases = (
				8D5B49AF048680CD000E48DA /* Resources */,
				8D5B49B1048680CD000E48DA /* Sources */,
				8D5B49B3048680CD000E48DA /* Frameworks */,
			);
			buildRules = (
			);
			dependencies = (
			);
			name = Sapphire;
			productInstallPath = /System/Library/CoreServices/Finder.app/Contents/PlugIns;
			productName = Sapphire;
			productReference = 8D5B49B6048680CD000E48DA /* Sapphire.frappliance */;
			productType = "com.apple.product-type.bundle";
		};
/* End PBXNativeTarget section */

/* Begin PBXProject section */
		089C1669FE841209C02AAC07 /* Project object */ = {
			isa = PBXProject;
			buildConfigurationList = 1DEB913E08733D840010E9CD /* Build configuration list for PBXProject "Sapphire" */;
			hasScannedForEncodings = 1;
			mainGroup = 089C166AFE841209C02AAC07 /* ApplianceBase */;
			projectDirPath = "";
			targets = (
				8D5B49AC048680CD000E48DA /* Sapphire */,
			);
		};
/* End PBXProject section */

/* Begin PBXResourcesBuildPhase section */
		8D5B49AF048680CD000E48DA /* Resources */ = {
			isa = PBXResourcesBuildPhase;
			buildActionMask = 2147483647;
			files = (
				8D5B49B0048680CD000E48DA /* InfoPlist.strings in Resources */,
				FE5BD4670C3090CD009F2B2E /* ApplianceIcon.png in Resources */,
				FE4239A40C331FFD0035A717 /* Green.png in Resources */,
				FE4239A50C331FFD0035A717 /* Yellow.png in Resources */,
				FE4239A60C331FFD0035A717 /* Blue.png in Resources */,
				FE4239A70C331FFD0035A717 /* Orange_Red.png in Resources */,
				FE423A6B0C3338030035A717 /* Gear.png in Resources */,
				FE423A9F0C333DF40035A717 /* Cone.png in Resources */,
				FE423ABE0C3341D70035A717 /* Eye.png in Resources */,
			);
			runOnlyForDeploymentPostprocessing = 0;
		};
/* End PBXResourcesBuildPhase section */

/* Begin PBXSourcesBuildPhase section */
		8D5B49B1048680CD000E48DA /* Sources */ = {
			isa = PBXSourcesBuildPhase;
			buildActionMask = 2147483647;
			files = (
				38FAFC320C012A7800853CFE /* SapphireAppliance.m in Sources */,
				38FAFC330C012A7800853CFE /* SapphireBrowser.m in Sources */,
				F531A5BA0C2CB43400E46F62 /* SapphireMetaData.m in Sources */,
				F531A98F0C2DACBE00E46F62 /* SapphireApplianceController.m in Sources */,
				F523996F0C2DCC9100D5DA2E /* SapphirePredicates.m in Sources */,
				FE8D57D40C2DE4AF00BC1768 /* SapphireSettings.m in Sources */,
				FE88FD100C2F564700C55E3F /* SapphirePopulateDataMenu.m in Sources */,
				F5EA8FCE0C30459400B1EC7D /* SapphireMarkMenu.m in Sources */,
				F5EA91350C3063F500B1EC7D /* SapphireMedia.m in Sources */,
				F51DCDB90C30AE010046F25E /* SapphireVideoPlayer.m in Sources */,
				F56A1B950C31B52B0022918E /* SapphireMediaPreview.m in Sources */,
				F5D0DEB60C331D76007652B2 /* SapphireTheme.m in Sources */,
			);
			runOnlyForDeploymentPostprocessing = 0;
		};
/* End PBXSourcesBuildPhase section */

/* Begin PBXVariantGroup section */
		089C167DFE841241C02AAC07 /* InfoPlist.strings */ = {
			isa = PBXVariantGroup;
			children = (
				089C167EFE841241C02AAC07 /* English */,
			);
			name = InfoPlist.strings;
			sourceTree = "<group>";
		};
/* End PBXVariantGroup section */

/* Begin XCBuildConfiguration section */
		1DEB913B08733D840010E9CD /* Debug */ = {
			isa = XCBuildConfiguration;
			buildSettings = {
				ARCHS = i386;
				COPY_PHASE_STRIP = NO;
				FRAMEWORK_SEARCH_PATHS = (
					"$(inherited)",
					"$(FRAMEWORK_SEARCH_PATHS_QUOTED_1)",
				);
				FRAMEWORK_SEARCH_PATHS_QUOTED_1 = "\"$(SYSTEM_LIBRARY_DIR)/PrivateFrameworks\"";
				GCC_DYNAMIC_NO_PIC = NO;
				GCC_ENABLE_FIX_AND_CONTINUE = YES;
				GCC_MODEL_TUNING = G5;
				GCC_OPTIMIZATION_LEVEL = 0;
				GCC_PRECOMPILE_PREFIX_HEADER = YES;
				GCC_PREFIX_HEADER = Sapphire_Prefix.pch;
				INFOPLIST_FILE = Info.plist;
				INSTALL_PATH = /System/Library/CoreServices/Finder.app/Contents/PlugIns;
				OTHER_LDFLAGS = (
					"-undefined",
					dynamic_lookup,
				);
				PRODUCT_NAME = Sapphire;
				WRAPPER_EXTENSION = frappliance;
				ZERO_LINK = YES;
			};
			name = Debug;
		};
		1DEB913C08733D840010E9CD /* Release */ = {
			isa = XCBuildConfiguration;
			buildSettings = {
				ARCHS = i386;
				FRAMEWORK_SEARCH_PATHS = (
					"$(inherited)",
					"$(FRAMEWORK_SEARCH_PATHS_QUOTED_1)",
				);
				FRAMEWORK_SEARCH_PATHS_QUOTED_1 = "\"$(SYSTEM_LIBRARY_DIR)/PrivateFrameworks\"";
				GCC_GENERATE_DEBUGGING_SYMBOLS = NO;
				GCC_MODEL_TUNING = G5;
				GCC_PRECOMPILE_PREFIX_HEADER = YES;
				GCC_PREFIX_HEADER = Sapphire_Prefix.pch;
				INFOPLIST_FILE = Info.plist;
				INSTALL_PATH = /System/Library/CoreServices/Finder.app/Contents/PlugIns;
				OTHER_LDFLAGS = (
					"-undefined",
					dynamic_lookup,
				);
				PRODUCT_NAME = Sapphire;
				WRAPPER_EXTENSION = frappliance;
			};
			name = Release;
		};
		1DEB913F08733D840010E9CD /* Debug */ = {
			isa = XCBuildConfiguration;
			buildSettings = {
				GCC_WARN_ABOUT_RETURN_TYPE = YES;
				GCC_WARN_UNUSED_VARIABLE = YES;
				PREBINDING = NO;
				SDKROOT = /Developer/SDKs/MacOSX10.4u.sdk;
			};
			name = Debug;
		};
		1DEB914008733D840010E9CD /* Release */ = {
			isa = XCBuildConfiguration;
			buildSettings = {
				GCC_WARN_ABOUT_RETURN_TYPE = YES;
				GCC_WARN_UNUSED_VARIABLE = YES;
				PREBINDING = NO;
				SDKROOT = /Developer/SDKs/MacOSX10.4u.sdk;
			};
			name = Release;
		};
/* End XCBuildConfiguration section */

/* Begin XCConfigurationList section */
		1DEB913A08733D840010E9CD /* Build configuration list for PBXNativeTarget "Sapphire" */ = {
			isa = XCConfigurationList;
			buildConfigurations = (
				1DEB913B08733D840010E9CD /* Debug */,
				1DEB913C08733D840010E9CD /* Release */,
			);
			defaultConfigurationIsVisible = 0;
			defaultConfigurationName = Release;
		};
		1DEB913E08733D840010E9CD /* Build configuration list for PBXProject "Sapphire" */ = {
			isa = XCConfigurationList;
			buildConfigurations = (
				1DEB913F08733D840010E9CD /* Debug */,
				1DEB914008733D840010E9CD /* Release */,
			);
			defaultConfigurationIsVisible = 0;
			defaultConfigurationName = Release;
		};
/* End XCConfigurationList section */
	};
	rootObject = 089C1669FE841209C02AAC07 /* Project object */;
}
