// !$*UTF8*$!
{
	archiveVersion = 1;
	classes = {
	};
	objectVersion = 42;
	objects = {

/* Begin PBXAggregateTarget section */
		F5958120103EE5FB000A187C /* Make SVN Rev */ = {
			isa = PBXAggregateTarget;
			buildConfigurationList = F5958128103EE65A000A187C /* Build configuration list for PBXAggregateTarget "Make SVN Rev" */;
			buildPhases = (
				F595811F103EE5FB000A187C /* ShellScript */,
			);
			dependencies = (
			);
			name = "Make SVN Rev";
			productName = "Make SVN Rev";
		};
/* End PBXAggregateTarget section */

/* Begin PBXBuildFile section */
		DCA299C40D64A3B30092E9BB /* BackRow.framework in Frameworks */ = {isa = PBXBuildFile; fileRef = F51BFD100D26BCD200E22363 /* BackRow.framework */; };
		DCA299C50D64A3B30092E9BB /* AppKit.framework in Frameworks */ = {isa = PBXBuildFile; fileRef = F51BFD130D26BCEA00E22363 /* AppKit.framework */; };
		DCA299C60D64A3B30092E9BB /* Foundation.framework in Frameworks */ = {isa = PBXBuildFile; fileRef = F51BFD140D26BCEA00E22363 /* Foundation.framework */; };
		DCA299F40D64A4EF0092E9BB /* BRMetadataPreviewController.h in Headers */ = {isa = PBXBuildFile; fileRef = DCA299F20D64A4EF0092E9BB /* BRMetadataPreviewController.h */; };
		DCA299F50D64A4EF0092E9BB /* BRMetadataPreviewController.m in Sources */ = {isa = PBXBuildFile; fileRef = DCA299F30D64A4EF0092E9BB /* BRMetadataPreviewController.m */; };
		DCE6408F0E9DA53300D2AAED /* BRMusicPlayer.h in Headers */ = {isa = PBXBuildFile; fileRef = DCE6408D0E9DA53300D2AAED /* BRMusicPlayer.h */; };
		DCE640900E9DA53300D2AAED /* BRMusicPlayer.m in Sources */ = {isa = PBXBuildFile; fileRef = DCE6408E0E9DA53300D2AAED /* BRMusicPlayer.m */; };
		F511E0C50EECB0B50034C4AA /* SapphireStackControllerCompatFunctions.h in Headers */ = {isa = PBXBuildFile; fileRef = F511E0C40EECB0B50034C4AA /* SapphireStackControllerCompatFunctions.h */; };
		F51BFCE50D26BB3900E22363 /* SapphireCenteredMenuController.h in Headers */ = {isa = PBXBuildFile; fileRef = F51BFCD70D26BB3900E22363 /* SapphireCenteredMenuController.h */; settings = {ATTRIBUTES = (Public, ); }; };
		F51BFCE60D26BB3900E22363 /* SapphireCenteredMenuController.m in Sources */ = {isa = PBXBuildFile; fileRef = F51BFCD80D26BB3900E22363 /* SapphireCenteredMenuController.m */; };
		F51BFCE70D26BB3900E22363 /* SapphireDVDLoadingController.h in Headers */ = {isa = PBXBuildFile; fileRef = F51BFCD90D26BB3900E22363 /* SapphireDVDLoadingController.h */; settings = {ATTRIBUTES = (Public, ); }; };
		F51BFCE80D26BB3900E22363 /* SapphireDVDLoadingController.m in Sources */ = {isa = PBXBuildFile; fileRef = F51BFCDA0D26BB3900E22363 /* SapphireDVDLoadingController.m */; };
		F51BFCE90D26BB3900E22363 /* SapphireFrontRowCompat.h in Headers */ = {isa = PBXBuildFile; fileRef = F51BFCDB0D26BB3900E22363 /* SapphireFrontRowCompat.h */; settings = {ATTRIBUTES = (Public, ); }; };
		F51BFCEA0D26BB3900E22363 /* SapphireFrontRowCompat.m in Sources */ = {isa = PBXBuildFile; fileRef = F51BFCDC0D26BB3900E22363 /* SapphireFrontRowCompat.m */; };
		F51BFCEB0D26BB3900E22363 /* SapphireLayerController.h in Headers */ = {isa = PBXBuildFile; fileRef = F51BFCDD0D26BB3900E22363 /* SapphireLayerController.h */; settings = {ATTRIBUTES = (Public, ); }; };
		F51BFCEC0D26BB3900E22363 /* SapphireLayerController.m in Sources */ = {isa = PBXBuildFile; fileRef = F51BFCDE0D26BB3900E22363 /* SapphireLayerController.m */; };
		F51BFCED0D26BB3900E22363 /* SapphireMediaMenuController.h in Headers */ = {isa = PBXBuildFile; fileRef = F51BFCDF0D26BB3900E22363 /* SapphireMediaMenuController.h */; settings = {ATTRIBUTES = (Public, ); }; };
		F51BFCEE0D26BB3900E22363 /* SapphireMediaMenuController.m in Sources */ = {isa = PBXBuildFile; fileRef = F51BFCE00D26BB3900E22363 /* SapphireMediaMenuController.m */; };
		F51BFCEF0D26BB3900E22363 /* SapphireMenuController.h in Headers */ = {isa = PBXBuildFile; fileRef = F51BFCE10D26BB3900E22363 /* SapphireMenuController.h */; settings = {ATTRIBUTES = (Public, ); }; };
		F51BFCF00D26BB3900E22363 /* SapphireMenuController.m in Sources */ = {isa = PBXBuildFile; fileRef = F51BFCE20D26BB3900E22363 /* SapphireMenuController.m */; };
		F51BFCF10D26BB3900E22363 /* SapphireTextWithSpinnerController.h in Headers */ = {isa = PBXBuildFile; fileRef = F51BFCE30D26BB3900E22363 /* SapphireTextWithSpinnerController.h */; settings = {ATTRIBUTES = (Public, ); }; };
		F51BFCF20D26BB3900E22363 /* SapphireTextWithSpinnerController.m in Sources */ = {isa = PBXBuildFile; fileRef = F51BFCE40D26BB3900E22363 /* SapphireTextWithSpinnerController.m */; };
		F51BFD0A0D26BC9900E22363 /* BRLayerController.m in Sources */ = {isa = PBXBuildFile; fileRef = F51BFD080D26BC9900E22363 /* BRLayerController.m */; };
		F51BFD0B0D26BC9900E22363 /* BRLayerController.h in Headers */ = {isa = PBXBuildFile; fileRef = F51BFD090D26BC9900E22363 /* BRLayerController.h */; };
		F51BFD110D26BCD200E22363 /* BackRow.framework in Frameworks */ = {isa = PBXBuildFile; fileRef = F51BFD100D26BCD200E22363 /* BackRow.framework */; };
		F51BFD120D26BCD200E22363 /* BackRow.framework in Frameworks */ = {isa = PBXBuildFile; fileRef = F51BFD100D26BCD200E22363 /* BackRow.framework */; };
		F51BFD150D26BCEA00E22363 /* AppKit.framework in Frameworks */ = {isa = PBXBuildFile; fileRef = F51BFD130D26BCEA00E22363 /* AppKit.framework */; };
		F51BFD160D26BCEA00E22363 /* Foundation.framework in Frameworks */ = {isa = PBXBuildFile; fileRef = F51BFD140D26BCEA00E22363 /* Foundation.framework */; };
		F51BFD170D26BCEA00E22363 /* AppKit.framework in Frameworks */ = {isa = PBXBuildFile; fileRef = F51BFD130D26BCEA00E22363 /* AppKit.framework */; };
		F51BFD180D26BCEA00E22363 /* Foundation.framework in Frameworks */ = {isa = PBXBuildFile; fileRef = F51BFD140D26BCEA00E22363 /* Foundation.framework */; };
		F51BFD220D26BD8900E22363 /* ExceptionHandling.framework in Frameworks */ = {isa = PBXBuildFile; fileRef = F51BFD210D26BD8900E22363 /* ExceptionHandling.framework */; };
		F51BFD550D26BEF900E22363 /* BackRowUtils.h in Headers */ = {isa = PBXBuildFile; fileRef = F51BFD540D26BEF900E22363 /* BackRowUtils.h */; settings = {ATTRIBUTES = (Public, ); }; };
		F54A3784109F422C00DCC808 /* BRCenteredMenuController.h in Headers */ = {isa = PBXBuildFile; fileRef = F54A3769109F40EE00DCC808 /* BRCenteredMenuController.h */; };
		F54A3785109F422D00DCC808 /* BRCenteredMenuController.m in Sources */ = {isa = PBXBuildFile; fileRef = F54A376A109F40EE00DCC808 /* BRCenteredMenuController.m */; };
		F54A38C9109F438F00DCC808 /* AppKit.framework in Frameworks */ = {isa = PBXBuildFile; fileRef = F51BFD130D26BCEA00E22363 /* AppKit.framework */; };
		F54A38CA109F438F00DCC808 /* Foundation.framework in Frameworks */ = {isa = PBXBuildFile; fileRef = F51BFD140D26BCEA00E22363 /* Foundation.framework */; };
		F54A38CB109F438F00DCC808 /* BackRow.framework in Frameworks */ = {isa = PBXBuildFile; fileRef = F51BFD100D26BCD200E22363 /* BackRow.framework */; };
		F571B4CF0E96F69A00B7FD9D /* BRVideoPlayerController.h in Headers */ = {isa = PBXBuildFile; fileRef = F571B4CD0E96F69A00B7FD9D /* BRVideoPlayerController.h */; };
		F571B4D00E96F69A00B7FD9D /* BRVideoPlayerController.m in Sources */ = {isa = PBXBuildFile; fileRef = F571B4CE0E96F69A00B7FD9D /* BRVideoPlayerController.m */; };
		F571B6F40E96F81D00B7FD9D /* AppKit.framework in Frameworks */ = {isa = PBXBuildFile; fileRef = F51BFD130D26BCEA00E22363 /* AppKit.framework */; };
		F571B6F50E96F81D00B7FD9D /* Foundation.framework in Frameworks */ = {isa = PBXBuildFile; fileRef = F51BFD140D26BCEA00E22363 /* Foundation.framework */; };
		F571B6F60E96F81D00B7FD9D /* BackRow.framework in Frameworks */ = {isa = PBXBuildFile; fileRef = F51BFD100D26BCD200E22363 /* BackRow.framework */; };
		F580E8740D31288400F2225A /* SapphireButtonControl.h in Headers */ = {isa = PBXBuildFile; fileRef = F580E8720D31288400F2225A /* SapphireButtonControl.h */; settings = {ATTRIBUTES = (Public, ); }; };
		F580E8750D31288400F2225A /* SapphireButtonControl.m in Sources */ = {isa = PBXBuildFile; fileRef = F580E8730D31288400F2225A /* SapphireButtonControl.m */; };
		F59FF2900EDB97680052012E /* SapphireLayoutManager.h in Headers */ = {isa = PBXBuildFile; fileRef = F59FF28E0EDB97680052012E /* SapphireLayoutManager.h */; settings = {ATTRIBUTES = (Public, ); }; };
		F59FF2910EDB97680052012E /* SapphireLayoutManager.m in Sources */ = {isa = PBXBuildFile; fileRef = F59FF28F0EDB97680052012E /* SapphireLayoutManager.m */; };
/* End PBXBuildFile section */

/* Begin PBXContainerItemProxy section */
		F51BFCFE0D26BB8D00E22363 /* PBXContainerItemProxy */ = {
			isa = PBXContainerItemProxy;
			containerPortal = F51BFCA70D26B86800E22363 /* Project object */;
			proxyType = 1;
			remoteGlobalIDString = F51BFCF80D26BB4D00E22363;
			remoteInfo = SapphireLeopardCompatClasses;
		};
		F5958126103EE637000A187C /* PBXContainerItemProxy */ = {
			isa = PBXContainerItemProxy;
			containerPortal = F51BFCA70D26B86800E22363 /* Project object */;
			proxyType = 1;
			remoteGlobalIDString = F5958120103EE5FB000A187C;
			remoteInfo = "Make SVN Rev";
		};
/* End PBXContainerItemProxy section */

/* Begin PBXFileReference section */
		DCA299CA0D64A3B30092E9BB /* SapphireTakeTwoCompatClasses.framework */ = {isa = PBXFileReference; explicitFileType = wrapper.framework; includeInIndex = 0; path = SapphireTakeTwoCompatClasses.framework; sourceTree = BUILT_PRODUCTS_DIR; };
		DCA299F20D64A4EF0092E9BB /* BRMetadataPreviewController.h */ = {isa = PBXFileReference; fileEncoding = 4; lastKnownFileType = sourcecode.c.h; path = BRMetadataPreviewController.h; sourceTree = "<group>"; };
		DCA299F30D64A4EF0092E9BB /* BRMetadataPreviewController.m */ = {isa = PBXFileReference; fileEncoding = 4; lastKnownFileType = sourcecode.c.objc; path = BRMetadataPreviewController.m; sourceTree = "<group>"; };
		DCE6408D0E9DA53300D2AAED /* BRMusicPlayer.h */ = {isa = PBXFileReference; fileEncoding = 4; lastKnownFileType = sourcecode.c.h; path = BRMusicPlayer.h; sourceTree = "<group>"; };
		DCE6408E0E9DA53300D2AAED /* BRMusicPlayer.m */ = {isa = PBXFileReference; fileEncoding = 4; lastKnownFileType = sourcecode.c.objc; path = BRMusicPlayer.m; sourceTree = "<group>"; };
		F511E0C40EECB0B50034C4AA /* SapphireStackControllerCompatFunctions.h */ = {isa = PBXFileReference; fileEncoding = 4; lastKnownFileType = sourcecode.c.h; path = SapphireStackControllerCompatFunctions.h; sourceTree = "<group>"; };
		F51BFCD10D26BAED00E22363 /* SapphireCompatClasses.framework */ = {isa = PBXFileReference; explicitFileType = wrapper.framework; includeInIndex = 0; path = SapphireCompatClasses.framework; sourceTree = BUILT_PRODUCTS_DIR; };
		F51BFCD70D26BB3900E22363 /* SapphireCenteredMenuController.h */ = {isa = PBXFileReference; fileEncoding = 4; lastKnownFileType = sourcecode.c.h; path = SapphireCenteredMenuController.h; sourceTree = "<group>"; };
		F51BFCD80D26BB3900E22363 /* SapphireCenteredMenuController.m */ = {isa = PBXFileReference; fileEncoding = 4; lastKnownFileType = sourcecode.c.objc; path = SapphireCenteredMenuController.m; sourceTree = "<group>"; };
		F51BFCD90D26BB3900E22363 /* SapphireDVDLoadingController.h */ = {isa = PBXFileReference; fileEncoding = 4; lastKnownFileType = sourcecode.c.h; path = SapphireDVDLoadingController.h; sourceTree = "<group>"; };
		F51BFCDA0D26BB3900E22363 /* SapphireDVDLoadingController.m */ = {isa = PBXFileReference; fileEncoding = 4; lastKnownFileType = sourcecode.c.objc; path = SapphireDVDLoadingController.m; sourceTree = "<group>"; };
		F51BFCDB0D26BB3900E22363 /* SapphireFrontRowCompat.h */ = {isa = PBXFileReference; fileEncoding = 4; lastKnownFileType = sourcecode.c.h; path = SapphireFrontRowCompat.h; sourceTree = "<group>"; };
		F51BFCDC0D26BB3900E22363 /* SapphireFrontRowCompat.m */ = {isa = PBXFileReference; fileEncoding = 4; lastKnownFileType = sourcecode.c.objc; path = SapphireFrontRowCompat.m; sourceTree = "<group>"; };
		F51BFCDD0D26BB3900E22363 /* SapphireLayerController.h */ = {isa = PBXFileReference; fileEncoding = 4; lastKnownFileType = sourcecode.c.h; path = SapphireLayerController.h; sourceTree = "<group>"; };
		F51BFCDE0D26BB3900E22363 /* SapphireLayerController.m */ = {isa = PBXFileReference; fileEncoding = 4; lastKnownFileType = sourcecode.c.objc; path = SapphireLayerController.m; sourceTree = "<group>"; };
		F51BFCDF0D26BB3900E22363 /* SapphireMediaMenuController.h */ = {isa = PBXFileReference; fileEncoding = 4; lastKnownFileType = sourcecode.c.h; path = SapphireMediaMenuController.h; sourceTree = "<group>"; };
		F51BFCE00D26BB3900E22363 /* SapphireMediaMenuController.m */ = {isa = PBXFileReference; fileEncoding = 4; lastKnownFileType = sourcecode.c.objc; path = SapphireMediaMenuController.m; sourceTree = "<group>"; };
		F51BFCE10D26BB3900E22363 /* SapphireMenuController.h */ = {isa = PBXFileReference; fileEncoding = 4; lastKnownFileType = sourcecode.c.h; path = SapphireMenuController.h; sourceTree = "<group>"; };
		F51BFCE20D26BB3900E22363 /* SapphireMenuController.m */ = {isa = PBXFileReference; fileEncoding = 4; lastKnownFileType = sourcecode.c.objc; path = SapphireMenuController.m; sourceTree = "<group>"; };
		F51BFCE30D26BB3900E22363 /* SapphireTextWithSpinnerController.h */ = {isa = PBXFileReference; fileEncoding = 4; lastKnownFileType = sourcecode.c.h; path = SapphireTextWithSpinnerController.h; sourceTree = "<group>"; };
		F51BFCE40D26BB3900E22363 /* SapphireTextWithSpinnerController.m */ = {isa = PBXFileReference; fileEncoding = 4; lastKnownFileType = sourcecode.c.objc; path = SapphireTextWithSpinnerController.m; sourceTree = "<group>"; };
		F51BFCF90D26BB4D00E22363 /* SapphireLeopardCompatClasses.framework */ = {isa = PBXFileReference; explicitFileType = wrapper.framework; includeInIndex = 0; path = SapphireLeopardCompatClasses.framework; sourceTree = BUILT_PRODUCTS_DIR; };
		F51BFD080D26BC9900E22363 /* BRLayerController.m */ = {isa = PBXFileReference; fileEncoding = 4; lastKnownFileType = sourcecode.c.objc; path = BRLayerController.m; sourceTree = "<group>"; };
		F51BFD090D26BC9900E22363 /* BRLayerController.h */ = {isa = PBXFileReference; fileEncoding = 4; lastKnownFileType = sourcecode.c.h; path = BRLayerController.h; sourceTree = "<group>"; };
		F51BFD100D26BCD200E22363 /* BackRow.framework */ = {isa = PBXFileReference; lastKnownFileType = wrapper.framework; name = BackRow.framework; path = /System/Library/PrivateFrameworks/BackRow.framework; sourceTree = "<absolute>"; };
		F51BFD130D26BCEA00E22363 /* AppKit.framework */ = {isa = PBXFileReference; lastKnownFileType = wrapper.framework; name = AppKit.framework; path = /System/Library/Frameworks/AppKit.framework; sourceTree = "<absolute>"; };
		F51BFD140D26BCEA00E22363 /* Foundation.framework */ = {isa = PBXFileReference; lastKnownFileType = wrapper.framework; name = Foundation.framework; path = /System/Library/Frameworks/Foundation.framework; sourceTree = "<absolute>"; };
		F51BFD210D26BD8900E22363 /* ExceptionHandling.framework */ = {isa = PBXFileReference; lastKnownFileType = wrapper.framework; name = ExceptionHandling.framework; path = /System/Library/Frameworks/ExceptionHandling.framework; sourceTree = "<absolute>"; };
		F51BFD540D26BEF900E22363 /* BackRowUtils.h */ = {isa = PBXFileReference; fileEncoding = 4; lastKnownFileType = sourcecode.c.h; path = BackRowUtils.h; sourceTree = "<group>"; };
		F54A3769109F40EE00DCC808 /* BRCenteredMenuController.h */ = {isa = PBXFileReference; fileEncoding = 4; lastKnownFileType = sourcecode.c.h; path = BRCenteredMenuController.h; sourceTree = "<group>"; };
		F54A376A109F40EE00DCC808 /* BRCenteredMenuController.m */ = {isa = PBXFileReference; fileEncoding = 4; lastKnownFileType = sourcecode.c.objc; path = BRCenteredMenuController.m; sourceTree = "<group>"; };
		F54A377C109F420000DCC808 /* SapphireTakeThreeCompatClasses.framework */ = {isa = PBXFileReference; explicitFileType = wrapper.framework; includeInIndex = 0; path = SapphireTakeThreeCompatClasses.framework; sourceTree = BUILT_PRODUCTS_DIR; };
		F571B4B90E96F62C00B7FD9D /* SapphireTakeTwoPointTwoCompatClasses.framework */ = {isa = PBXFileReference; explicitFileType = wrapper.framework; includeInIndex = 0; path = SapphireTakeTwoPointTwoCompatClasses.framework; sourceTree = BUILT_PRODUCTS_DIR; };
		F571B4CD0E96F69A00B7FD9D /* BRVideoPlayerController.h */ = {isa = PBXFileReference; fileEncoding = 4; lastKnownFileType = sourcecode.c.h; path = BRVideoPlayerController.h; sourceTree = "<group>"; };
		F571B4CE0E96F69A00B7FD9D /* BRVideoPlayerController.m */ = {isa = PBXFileReference; fileEncoding = 4; lastKnownFileType = sourcecode.c.objc; path = BRVideoPlayerController.m; sourceTree = "<group>"; };
		F580E8720D31288400F2225A /* SapphireButtonControl.h */ = {isa = PBXFileReference; fileEncoding = 4; lastKnownFileType = sourcecode.c.h; path = SapphireButtonControl.h; sourceTree = "<group>"; };
		F580E8730D31288400F2225A /* SapphireButtonControl.m */ = {isa = PBXFileReference; fileEncoding = 4; lastKnownFileType = sourcecode.c.objc; path = SapphireButtonControl.m; sourceTree = "<group>"; };
		F59FF28E0EDB97680052012E /* SapphireLayoutManager.h */ = {isa = PBXFileReference; fileEncoding = 4; lastKnownFileType = sourcecode.c.h; path = SapphireLayoutManager.h; sourceTree = "<group>"; };
		F59FF28F0EDB97680052012E /* SapphireLayoutManager.m */ = {isa = PBXFileReference; fileEncoding = 4; lastKnownFileType = sourcecode.c.objc; path = SapphireLayoutManager.m; sourceTree = "<group>"; };
/* End PBXFileReference section */

/* Begin PBXFrameworksBuildPhase section */
		DCA299C30D64A3B30092E9BB /* Frameworks */ = {
			isa = PBXFrameworksBuildPhase;
			buildActionMask = 2147483647;
			files = (
				DCA299C40D64A3B30092E9BB /* BackRow.framework in Frameworks */,
				DCA299C50D64A3B30092E9BB /* AppKit.framework in Frameworks */,
				DCA299C60D64A3B30092E9BB /* Foundation.framework in Frameworks */,
			);
			runOnlyForDeploymentPostprocessing = 0;
		};
		F51BFCCF0D26BAED00E22363 /* Frameworks */ = {
			isa = PBXFrameworksBuildPhase;
			buildActionMask = 2147483647;
			files = (
				F51BFD120D26BCD200E22363 /* BackRow.framework in Frameworks */,
				F51BFD170D26BCEA00E22363 /* AppKit.framework in Frameworks */,
				F51BFD180D26BCEA00E22363 /* Foundation.framework in Frameworks */,
				F51BFD220D26BD8900E22363 /* ExceptionHandling.framework in Frameworks */,
			);
			runOnlyForDeploymentPostprocessing = 0;
		};
		F51BFCF70D26BB4D00E22363 /* Frameworks */ = {
			isa = PBXFrameworksBuildPhase;
			buildActionMask = 2147483647;
			files = (
				F51BFD110D26BCD200E22363 /* BackRow.framework in Frameworks */,
				F51BFD150D26BCEA00E22363 /* AppKit.framework in Frameworks */,
				F51BFD160D26BCEA00E22363 /* Foundation.framework in Frameworks */,
			);
			runOnlyForDeploymentPostprocessing = 0;
		};
		F54A377A109F420000DCC808 /* Frameworks */ = {
			isa = PBXFrameworksBuildPhase;
			buildActionMask = 2147483647;
			files = (
				F54A38C9109F438F00DCC808 /* AppKit.framework in Frameworks */,
				F54A38CA109F438F00DCC808 /* Foundation.framework in Frameworks */,
				F54A38CB109F438F00DCC808 /* BackRow.framework in Frameworks */,
			);
			runOnlyForDeploymentPostprocessing = 0;
		};
		F571B4B70E96F62C00B7FD9D /* Frameworks */ = {
			isa = PBXFrameworksBuildPhase;
			buildActionMask = 2147483647;
			files = (
				F571B6F40E96F81D00B7FD9D /* AppKit.framework in Frameworks */,
				F571B6F50E96F81D00B7FD9D /* Foundation.framework in Frameworks */,
				F571B6F60E96F81D00B7FD9D /* BackRow.framework in Frameworks */,
			);
			runOnlyForDeploymentPostprocessing = 0;
		};
/* End PBXFrameworksBuildPhase section */

/* Begin PBXGroup section */
		F51BFCA50D26B86800E22363 = {
			isa = PBXGroup;
			children = (
				F51BFCB00D26B87100E22363 /* Classes */,
				F51BFD0F0D26BCBE00E22363 /* Frameworks */,
				F51BFCD20D26BAED00E22363 /* Products */,
			);
			sourceTree = "<group>";
		};
		F51BFCB00D26B87100E22363 /* Classes */ = {
			isa = PBXGroup;
			children = (
				F524C46F10417B4C00E0575D /* General Compatibility Classes */,
				F524C47510417B7600E0575D /* Leopard Compatibility Classes */,
				F524C47610417B8F00E0575D /* Take 2 Compatibilty Classes */,
				F524C47710417BAD00E0575D /* Take 2.2 Compatibility Classes */,
				F54A3768109F40D900DCC808 /* Take 3 Compatibility */,
			);
			name = Classes;
			sourceTree = "<group>";
		};
		F51BFCD20D26BAED00E22363 /* Products */ = {
			isa = PBXGroup;
			children = (
				F51BFCD10D26BAED00E22363 /* SapphireCompatClasses.framework */,
				F51BFCF90D26BB4D00E22363 /* SapphireLeopardCompatClasses.framework */,
				DCA299CA0D64A3B30092E9BB /* SapphireTakeTwoCompatClasses.framework */,
				F571B4B90E96F62C00B7FD9D /* SapphireTakeTwoPointTwoCompatClasses.framework */,
				F54A377C109F420000DCC808 /* SapphireTakeThreeCompatClasses.framework */,
			);
			name = Products;
			sourceTree = "<group>";
		};
		F51BFD0F0D26BCBE00E22363 /* Frameworks */ = {
			isa = PBXGroup;
			children = (
				F51BFD210D26BD8900E22363 /* ExceptionHandling.framework */,
				F51BFD130D26BCEA00E22363 /* AppKit.framework */,
				F51BFD140D26BCEA00E22363 /* Foundation.framework */,
				F51BFD100D26BCD200E22363 /* BackRow.framework */,
			);
			name = Frameworks;
			sourceTree = "<group>";
		};
		F524C46F10417B4C00E0575D /* General Compatibility Classes */ = {
			isa = PBXGroup;
			children = (
				F51BFD540D26BEF900E22363 /* BackRowUtils.h */,
				F580E8720D31288400F2225A /* SapphireButtonControl.h */,
				F580E8730D31288400F2225A /* SapphireButtonControl.m */,
				F51BFCD70D26BB3900E22363 /* SapphireCenteredMenuController.h */,
				F51BFCD80D26BB3900E22363 /* SapphireCenteredMenuController.m */,
				F51BFCD90D26BB3900E22363 /* SapphireDVDLoadingController.h */,
				F51BFCDA0D26BB3900E22363 /* SapphireDVDLoadingController.m */,
				F51BFCDB0D26BB3900E22363 /* SapphireFrontRowCompat.h */,
				F51BFCDC0D26BB3900E22363 /* SapphireFrontRowCompat.m */,
				F51BFCDD0D26BB3900E22363 /* SapphireLayerController.h */,
				F51BFCDE0D26BB3900E22363 /* SapphireLayerController.m */,
				F59FF28E0EDB97680052012E /* SapphireLayoutManager.h */,
				F59FF28F0EDB97680052012E /* SapphireLayoutManager.m */,
				F51BFCDF0D26BB3900E22363 /* SapphireMediaMenuController.h */,
				F51BFCE00D26BB3900E22363 /* SapphireMediaMenuController.m */,
				F51BFCE10D26BB3900E22363 /* SapphireMenuController.h */,
				F51BFCE20D26BB3900E22363 /* SapphireMenuController.m */,
				F511E0C40EECB0B50034C4AA /* SapphireStackControllerCompatFunctions.h */,
				F51BFCE30D26BB3900E22363 /* SapphireTextWithSpinnerController.h */,
				F51BFCE40D26BB3900E22363 /* SapphireTextWithSpinnerController.m */,
			);
			name = "General Compatibility Classes";
			sourceTree = "<group>";
		};
		F524C47510417B7600E0575D /* Leopard Compatibility Classes */ = {
			isa = PBXGroup;
			children = (
				F51BFD090D26BC9900E22363 /* BRLayerController.h */,
				F51BFD080D26BC9900E22363 /* BRLayerController.m */,
			);
			name = "Leopard Compatibility Classes";
			sourceTree = "<group>";
		};
		F524C47610417B8F00E0575D /* Take 2 Compatibilty Classes */ = {
			isa = PBXGroup;
			children = (
				DCA299F20D64A4EF0092E9BB /* BRMetadataPreviewController.h */,
				DCA299F30D64A4EF0092E9BB /* BRMetadataPreviewController.m */,
			);
			name = "Take 2 Compatibilty Classes";
			sourceTree = "<group>";
		};
		F524C47710417BAD00E0575D /* Take 2.2 Compatibility Classes */ = {
			isa = PBXGroup;
			children = (
				DCE6408D0E9DA53300D2AAED /* BRMusicPlayer.h */,
				DCE6408E0E9DA53300D2AAED /* BRMusicPlayer.m */,
				F571B4CD0E96F69A00B7FD9D /* BRVideoPlayerController.h */,
				F571B4CE0E96F69A00B7FD9D /* BRVideoPlayerController.m */,
			);
			name = "Take 2.2 Compatibility Classes";
			sourceTree = "<group>";
		};
		F54A3768109F40D900DCC808 /* Take 3 Compatibility */ = {
			isa = PBXGroup;
			children = (
				F54A3769109F40EE00DCC808 /* BRCenteredMenuController.h */,
				F54A376A109F40EE00DCC808 /* BRCenteredMenuController.m */,
			);
			name = "Take 3 Compatibility";
			sourceTree = "<group>";
		};
/* End PBXGroup section */

/* Begin PBXHeadersBuildPhase section */
		DCA299BE0D64A3B30092E9BB /* Headers */ = {
			isa = PBXHeadersBuildPhase;
			buildActionMask = 2147483647;
			files = (
				DCA299F40D64A4EF0092E9BB /* BRMetadataPreviewController.h in Headers */,
			);
			runOnlyForDeploymentPostprocessing = 0;
		};
		F51BFCCC0D26BAED00E22363 /* Headers */ = {
			isa = PBXHeadersBuildPhase;
			buildActionMask = 2147483647;
			files = (
				F51BFCE50D26BB3900E22363 /* SapphireCenteredMenuController.h in Headers */,
				F51BFCE70D26BB3900E22363 /* SapphireDVDLoadingController.h in Headers */,
				F51BFCE90D26BB3900E22363 /* SapphireFrontRowCompat.h in Headers */,
				F51BFCEB0D26BB3900E22363 /* SapphireLayerController.h in Headers */,
				F51BFCED0D26BB3900E22363 /* SapphireMediaMenuController.h in Headers */,
				F51BFCEF0D26BB3900E22363 /* SapphireMenuController.h in Headers */,
				F51BFCF10D26BB3900E22363 /* SapphireTextWithSpinnerController.h in Headers */,
				F51BFD550D26BEF900E22363 /* BackRowUtils.h in Headers */,
				F580E8740D31288400F2225A /* SapphireButtonControl.h in Headers */,
				F59FF2900EDB97680052012E /* SapphireLayoutManager.h in Headers */,
				F511E0C50EECB0B50034C4AA /* SapphireStackControllerCompatFunctions.h in Headers */,
			);
			runOnlyForDeploymentPostprocessing = 0;
		};
		F51BFCF40D26BB4D00E22363 /* Headers */ = {
			isa = PBXHeadersBuildPhase;
			buildActionMask = 2147483647;
			files = (
				F51BFD0B0D26BC9900E22363 /* BRLayerController.h in Headers */,
			);
			runOnlyForDeploymentPostprocessing = 0;
		};
		F54A3777109F420000DCC808 /* Headers */ = {
			isa = PBXHeadersBuildPhase;
			buildActionMask = 2147483647;
			files = (
				F54A3784109F422C00DCC808 /* BRCenteredMenuController.h in Headers */,
			);
			runOnlyForDeploymentPostprocessing = 0;
		};
		F571B4B40E96F62C00B7FD9D /* Headers */ = {
			isa = PBXHeadersBuildPhase;
			buildActionMask = 2147483647;
			files = (
				F571B4CF0E96F69A00B7FD9D /* BRVideoPlayerController.h in Headers */,
				DCE6408F0E9DA53300D2AAED /* BRMusicPlayer.h in Headers */,
			);
			runOnlyForDeploymentPostprocessing = 0;
		};
/* End PBXHeadersBuildPhase section */

/* Begin PBXNativeTarget section */
		DCA299BD0D64A3B30092E9BB /* SapphireTakeTwoCompatClasses */ = {
			isa = PBXNativeTarget;
			buildConfigurationList = DCA299C70D64A3B30092E9BB /* Build configuration list for PBXNativeTarget "SapphireTakeTwoCompatClasses" */;
			buildPhases = (
				DCA299BE0D64A3B30092E9BB /* Headers */,
				DCA299C00D64A3B30092E9BB /* Resources */,
				DCA299C10D64A3B30092E9BB /* Sources */,
				DCA299C30D64A3B30092E9BB /* Frameworks */,
			);
			buildRules = (
			);
			dependencies = (
			);
			name = SapphireTakeTwoCompatClasses;
			productName = SapphireLeopardCompatClasses;
			productReference = DCA299CA0D64A3B30092E9BB /* SapphireTakeTwoCompatClasses.framework */;
			productType = "com.apple.product-type.framework";
		};
		F51BFCD00D26BAED00E22363 /* SapphireCompatClasses */ = {
			isa = PBXNativeTarget;
			buildConfigurationList = F51BFCD60D26BAEE00E22363 /* Build configuration list for PBXNativeTarget "SapphireCompatClasses" */;
			buildPhases = (
				F51BFCCC0D26BAED00E22363 /* Headers */,
				F51BFCCD0D26BAED00E22363 /* Resources */,
				F51BFCCE0D26BAED00E22363 /* Sources */,
				F51BFCCF0D26BAED00E22363 /* Frameworks */,
			);
			buildRules = (
			);
			dependencies = (
				F5958127103EE637000A187C /* PBXTargetDependency */,
				F51BFCFF0D26BB8D00E22363 /* PBXTargetDependency */,
			);
			name = SapphireCompatClasses;
			productName = SapphireCompatClasses;
			productReference = F51BFCD10D26BAED00E22363 /* SapphireCompatClasses.framework */;
			productType = "com.apple.product-type.framework";
		};
		F51BFCF80D26BB4D00E22363 /* SapphireLeopardCompatClasses */ = {
			isa = PBXNativeTarget;
			buildConfigurationList = F51BFCFD0D26BB4E00E22363 /* Build configuration list for PBXNativeTarget "SapphireLeopardCompatClasses" */;
			buildPhases = (
				F51BFCF40D26BB4D00E22363 /* Headers */,
				F51BFCF50D26BB4D00E22363 /* Resources */,
				F51BFCF60D26BB4D00E22363 /* Sources */,
				F51BFCF70D26BB4D00E22363 /* Frameworks */,
			);
			buildRules = (
			);
			dependencies = (
			);
			name = SapphireLeopardCompatClasses;
			productName = SapphireLeopardCompatClasses;
			productReference = F51BFCF90D26BB4D00E22363 /* SapphireLeopardCompatClasses.framework */;
			productType = "com.apple.product-type.framework";
		};
		F54A377B109F420000DCC808 /* SapphireTakeThreeCompatClasses */ = {
			isa = PBXNativeTarget;
			buildConfigurationList = F54A3780109F420100DCC808 /* Build configuration list for PBXNativeTarget "SapphireTakeThreeCompatClasses" */;
			buildPhases = (
				F54A3777109F420000DCC808 /* Headers */,
				F54A3778109F420000DCC808 /* Resources */,
				F54A3779109F420000DCC808 /* Sources */,
				F54A377A109F420000DCC808 /* Frameworks */,
			);
			buildRules = (
			);
			dependencies = (
			);
			name = SapphireTakeThreeCompatClasses;
			productName = SapphireTakeThreeCompatClasses;
			productReference = F54A377C109F420000DCC808 /* SapphireTakeThreeCompatClasses.framework */;
			productType = "com.apple.product-type.framework";
		};
		F571B4B80E96F62C00B7FD9D /* SapphireTakeTwoPointTwoCompatClasses */ = {
			isa = PBXNativeTarget;
			buildConfigurationList = F571B4C00E96F62C00B7FD9D /* Build configuration list for PBXNativeTarget "SapphireTakeTwoPointTwoCompatClasses" */;
			buildPhases = (
				F571B4B40E96F62C00B7FD9D /* Headers */,
				F571B4B50E96F62C00B7FD9D /* Resources */,
				F571B4B60E96F62C00B7FD9D /* Sources */,
				F571B4B70E96F62C00B7FD9D /* Frameworks */,
			);
			buildRules = (
			);
			dependencies = (
			);
			name = SapphireTakeTwoPointTwoCompatClasses;
			productName = SapphireTakeTwoPointTwoCompatClasses;
			productReference = F571B4B90E96F62C00B7FD9D /* SapphireTakeTwoPointTwoCompatClasses.framework */;
			productType = "com.apple.product-type.framework";
		};
/* End PBXNativeTarget section */

/* Begin PBXProject section */
		F51BFCA70D26B86800E22363 /* Project object */ = {
			isa = PBXProject;
			buildConfigurationList = F51BFCAA0D26B86800E22363 /* Build configuration list for PBXProject "SapphireCompatibilityClasses" */;
			compatibilityVersion = "Xcode 2.4";
			developmentRegion = English;
			hasScannedForEncodings = 0;
			knownRegions = (
				English,
				Japanese,
				French,
				German,
			);
			mainGroup = F51BFCA50D26B86800E22363;
			productRefGroup = F51BFCD20D26BAED00E22363 /* Products */;
			projectDirPath = "";
			projectRoot = "";
			targets = (
				F5958120103EE5FB000A187C /* Make SVN Rev */,
				F51BFCD00D26BAED00E22363 /* SapphireCompatClasses */,
				F51BFCF80D26BB4D00E22363 /* SapphireLeopardCompatClasses */,
				DCA299BD0D64A3B30092E9BB /* SapphireTakeTwoCompatClasses */,
				F571B4B80E96F62C00B7FD9D /* SapphireTakeTwoPointTwoCompatClasses */,
				F54A377B109F420000DCC808 /* SapphireTakeThreeCompatClasses */,
			);
		};
/* End PBXProject section */

/* Begin PBXResourcesBuildPhase section */
		DCA299C00D64A3B30092E9BB /* Resources */ = {
			isa = PBXResourcesBuildPhase;
			buildActionMask = 2147483647;
			files = (
			);
			runOnlyForDeploymentPostprocessing = 0;
		};
		F51BFCCD0D26BAED00E22363 /* Resources */ = {
			isa = PBXResourcesBuildPhase;
			buildActionMask = 2147483647;
			files = (
			);
			runOnlyForDeploymentPostprocessing = 0;
		};
		F51BFCF50D26BB4D00E22363 /* Resources */ = {
			isa = PBXResourcesBuildPhase;
			buildActionMask = 2147483647;
			files = (
			);
			runOnlyForDeploymentPostprocessing = 0;
		};
		F54A3778109F420000DCC808 /* Resources */ = {
			isa = PBXResourcesBuildPhase;
			buildActionMask = 2147483647;
			files = (
			);
			runOnlyForDeploymentPostprocessing = 0;
		};
		F571B4B50E96F62C00B7FD9D /* Resources */ = {
			isa = PBXResourcesBuildPhase;
			buildActionMask = 2147483647;
			files = (
			);
			runOnlyForDeploymentPostprocessing = 0;
		};
/* End PBXResourcesBuildPhase section */

/* Begin PBXShellScriptBuildPhase section */
		F595811F103EE5FB000A187C /* ShellScript */ = {
			isa = PBXShellScriptBuildPhase;
			buildActionMask = 2147483647;
			files = (
			);
			inputPaths = (
				"$(SRCROOT)/.svn/dir-wcprops",
			);
			outputPaths = (
				"$(TARGET_BUILD_DIR)/include/SVNRevision.h",
			);
			runOnlyForDeploymentPostprocessing = 0;
			shellPath = /bin/sh;
			shellScript = "source scripts/getSVNRevision.sh";
		};
/* End PBXShellScriptBuildPhase section */

/* Begin PBXSourcesBuildPhase section */
		DCA299C10D64A3B30092E9BB /* Sources */ = {
			isa = PBXSourcesBuildPhase;
			buildActionMask = 2147483647;
			files = (
				DCA299F50D64A4EF0092E9BB /* BRMetadataPreviewController.m in Sources */,
			);
			runOnlyForDeploymentPostprocessing = 0;
		};
		F51BFCCE0D26BAED00E22363 /* Sources */ = {
			isa = PBXSourcesBuildPhase;
			buildActionMask = 2147483647;
			files = (
				F51BFCE60D26BB3900E22363 /* SapphireCenteredMenuController.m in Sources */,
				F51BFCE80D26BB3900E22363 /* SapphireDVDLoadingController.m in Sources */,
				F51BFCEA0D26BB3900E22363 /* SapphireFrontRowCompat.m in Sources */,
				F51BFCEC0D26BB3900E22363 /* SapphireLayerController.m in Sources */,
				F51BFCEE0D26BB3900E22363 /* SapphireMediaMenuController.m in Sources */,
				F51BFCF00D26BB3900E22363 /* SapphireMenuController.m in Sources */,
				F51BFCF20D26BB3900E22363 /* SapphireTextWithSpinnerController.m in Sources */,
				F580E8750D31288400F2225A /* SapphireButtonControl.m in Sources */,
				F59FF2910EDB97680052012E /* SapphireLayoutManager.m in Sources */,
			);
			runOnlyForDeploymentPostprocessing = 0;
		};
		F51BFCF60D26BB4D00E22363 /* Sources */ = {
			isa = PBXSourcesBuildPhase;
			buildActionMask = 2147483647;
			files = (
				F51BFD0A0D26BC9900E22363 /* BRLayerController.m in Sources */,
			);
			runOnlyForDeploymentPostprocessing = 0;
		};
		F54A3779109F420000DCC808 /* Sources */ = {
			isa = PBXSourcesBuildPhase;
			buildActionMask = 2147483647;
			files = (
				F54A3785109F422D00DCC808 /* BRCenteredMenuController.m in Sources */,
			);
			runOnlyForDeploymentPostprocessing = 0;
		};
		F571B4B60E96F62C00B7FD9D /* Sources */ = {
			isa = PBXSourcesBuildPhase;
			buildActionMask = 2147483647;
			files = (
				F571B4D00E96F69A00B7FD9D /* BRVideoPlayerController.m in Sources */,
				DCE640900E9DA53300D2AAED /* BRMusicPlayer.m in Sources */,
			);
			runOnlyForDeploymentPostprocessing = 0;
		};
/* End PBXSourcesBuildPhase section */

/* Begin PBXTargetDependency section */
		F51BFCFF0D26BB8D00E22363 /* PBXTargetDependency */ = {
			isa = PBXTargetDependency;
			target = F51BFCF80D26BB4D00E22363 /* SapphireLeopardCompatClasses */;
			targetProxy = F51BFCFE0D26BB8D00E22363 /* PBXContainerItemProxy */;
		};
		F5958127103EE637000A187C /* PBXTargetDependency */ = {
			isa = PBXTargetDependency;
			target = F5958120103EE5FB000A187C /* Make SVN Rev */;
			targetProxy = F5958126103EE637000A187C /* PBXContainerItemProxy */;
		};
/* End PBXTargetDependency section */

/* Begin XCBuildConfiguration section */
		DCA299C80D64A3B30092E9BB /* Debug */ = {
			isa = XCBuildConfiguration;
			buildSettings = {
				COPY_PHASE_STRIP = YES;
				DEBUG_INFORMATION_FORMAT = "dwarf-with-dsym";
				DYLIB_COMPATIBILITY_VERSION = 1;
				DYLIB_CURRENT_VERSION = 1;
				FRAMEWORK_SEARCH_PATHS = (
					"$(inherited)",
					"$(FRAMEWORK_SEARCH_PATHS_QUOTED_FOR_TARGET_1)",
					"$(FRAMEWORK_SEARCH_PATHS_QUOTED_FOR_TARGET_2)",
				);
				FRAMEWORK_SEARCH_PATHS_QUOTED_FOR_TARGET_1 = "\"$(SYSTEM_LIBRARY_DIR)/PrivateFrameworks\"";
				FRAMEWORK_SEARCH_PATHS_QUOTED_FOR_TARGET_2 = "\"$(SYSTEM_LIBRARY_DIR)/PrivateFrameworks\"";
				FRAMEWORK_VERSION = A;
				GCC_PRECOMPILE_PREFIX_HEADER = YES;
				GCC_PREFIX_HEADER = "$(SYSTEM_LIBRARY_DIR)/Frameworks/AppKit.framework/Headers/AppKit.h";
				INFOPLIST_FILE = "SapphireTakeTwoCompatClasses-Info.plist";
				INSTALL_PATH = "$(HOME)/Library/Frameworks";
				OTHER_LDFLAGS = (
					"-framework",
					Foundation,
					"-framework",
					AppKit,
					"-undefined",
					dynamic_lookup,
				);
				PREBINDING = NO;
				PRODUCT_NAME = SapphireTakeTwoCompatClasses;
			};
			name = Debug;
		};
		DCA299C90D64A3B30092E9BB /* Release */ = {
			isa = XCBuildConfiguration;
			buildSettings = {
				COPY_PHASE_STRIP = YES;
				DEBUG_INFORMATION_FORMAT = "dwarf-with-dsym";
				DYLIB_COMPATIBILITY_VERSION = 1;
				DYLIB_CURRENT_VERSION = 1;
				FRAMEWORK_SEARCH_PATHS = (
					"$(inherited)",
					"$(FRAMEWORK_SEARCH_PATHS_QUOTED_FOR_TARGET_1)",
					"$(FRAMEWORK_SEARCH_PATHS_QUOTED_FOR_TARGET_2)",
				);
				FRAMEWORK_SEARCH_PATHS_QUOTED_FOR_TARGET_1 = "\"$(SYSTEM_LIBRARY_DIR)/PrivateFrameworks\"";
				FRAMEWORK_SEARCH_PATHS_QUOTED_FOR_TARGET_2 = "\"$(SYSTEM_LIBRARY_DIR)/PrivateFrameworks\"";
				FRAMEWORK_VERSION = A;
				GCC_PRECOMPILE_PREFIX_HEADER = YES;
				GCC_PREFIX_HEADER = "$(SYSTEM_LIBRARY_DIR)/Frameworks/AppKit.framework/Headers/AppKit.h";
				INFOPLIST_FILE = "SapphireTakeTwoCompatClasses-Info.plist";
				INSTALL_PATH = "$(HOME)/Library/Frameworks";
				OTHER_LDFLAGS = (
					"-framework",
					Foundation,
					"-framework",
					AppKit,
					"-undefined",
					dynamic_lookup,
				);
				PREBINDING = NO;
				PRODUCT_NAME = SapphireTakeTwoCompatClasses;
			};
			name = Release;
		};
		F51BFCA80D26B86800E22363 /* Debug */ = {
			isa = XCBuildConfiguration;
			buildSettings = {
				DEBUG_INFORMATION_FORMAT = "dwarf-with-dsym";
				GCC_MODEL_TUNING = G5;
				GCC_OPTIMIZATION_LEVEL = 0;
				GCC_VERSION = com.apple.compilers.llvm.clang.1_0;
				GCC_WARN_ABOUT_RETURN_TYPE = YES;
				GCC_WARN_UNUSED_VARIABLE = YES;
				SDKROOT = /Developer/SDKs/MacOSX10.4u.sdk;
				SYMROOT = ../build;
			};
			name = Debug;
		};
		F51BFCA90D26B86800E22363 /* Release */ = {
			isa = XCBuildConfiguration;
			buildSettings = {
				ARCHS = (
					i386,
					ppc7400,
				);
				DEBUG_INFORMATION_FORMAT = "dwarf-with-dsym";
				GCC_MODEL_TUNING = G5;
				GCC_VERSION = 4.0;
				GCC_WARN_ABOUT_RETURN_TYPE = YES;
				GCC_WARN_UNUSED_VARIABLE = YES;
				SDKROOT = /Developer/SDKs/MacOSX10.4u.sdk;
				SYMROOT = ../build;
			};
			name = Release;
		};
		F51BFCD40D26BAEE00E22363 /* Debug */ = {
			isa = XCBuildConfiguration;
			buildSettings = {
				COPY_PHASE_STRIP = YES;
				DEBUG_INFORMATION_FORMAT = "dwarf-with-dsym";
				DYLIB_COMPATIBILITY_VERSION = 1;
				DYLIB_CURRENT_VERSION = 1;
				FRAMEWORK_SEARCH_PATHS = (
					"$(inherited)",
					"$(FRAMEWORK_SEARCH_PATHS_QUOTED_FOR_TARGET_1)",
					"$(FRAMEWORK_SEARCH_PATHS_QUOTED_FOR_TARGET_2)",
				);
				FRAMEWORK_SEARCH_PATHS_QUOTED_FOR_TARGET_1 = "\"$(SYSTEM_LIBRARY_DIR)/PrivateFrameworks\"";
				FRAMEWORK_SEARCH_PATHS_QUOTED_FOR_TARGET_2 = "\"$(SYSTEM_LIBRARY_DIR)/PrivateFrameworks\"";
				FRAMEWORK_VERSION = A;
				GCC_PRECOMPILE_PREFIX_HEADER = YES;
				GCC_PREFIX_HEADER = Sapphire_Prefix.pch;
				INFOPLIST_FILE = "SapphireCompatClasses-Info.plist";
				INFOPLIST_OTHER_PREPROCESSOR_FLAGS = "-C";
				INFOPLIST_PREFIX_HEADER = "$(TARGET_BUILD_DIR)/include/SVNRevision.h";
				INFOPLIST_PREPROCESS = YES;
				INSTALL_PATH = "$(HOME)/Library/Frameworks";
				OTHER_LDFLAGS = (
					"-undefined",
					dynamic_lookup,
				);
				PREBINDING = NO;
				PRODUCT_NAME = SapphireCompatClasses;
			};
			name = Debug;
		};
		F51BFCD50D26BAEE00E22363 /* Release */ = {
			isa = XCBuildConfiguration;
			buildSettings = {
				COPY_PHASE_STRIP = YES;
				DEBUG_INFORMATION_FORMAT = "dwarf-with-dsym";
				DYLIB_COMPATIBILITY_VERSION = 1;
				DYLIB_CURRENT_VERSION = 1;
				FRAMEWORK_SEARCH_PATHS = (
					"$(inherited)",
					"$(FRAMEWORK_SEARCH_PATHS_QUOTED_FOR_TARGET_1)",
					"$(FRAMEWORK_SEARCH_PATHS_QUOTED_FOR_TARGET_2)",
				);
				FRAMEWORK_SEARCH_PATHS_QUOTED_FOR_TARGET_1 = "\"$(SYSTEM_LIBRARY_DIR)/PrivateFrameworks\"";
				FRAMEWORK_SEARCH_PATHS_QUOTED_FOR_TARGET_2 = "\"$(SYSTEM_LIBRARY_DIR)/PrivateFrameworks\"";
				FRAMEWORK_VERSION = A;
				GCC_PRECOMPILE_PREFIX_HEADER = YES;
				GCC_PREFIX_HEADER = Sapphire_Prefix.pch;
				INFOPLIST_FILE = "SapphireCompatClasses-Info.plist";
				INFOPLIST_OTHER_PREPROCESSOR_FLAGS = "-C";
				INFOPLIST_PREFIX_HEADER = "$(TARGET_BUILD_DIR)/include/SVNRevision.h";
				INFOPLIST_PREPROCESS = YES;
				INSTALL_PATH = "$(HOME)/Library/Frameworks";
				OTHER_LDFLAGS = (
					"-undefined",
					dynamic_lookup,
				);
				PREBINDING = NO;
				PRODUCT_NAME = SapphireCompatClasses;
			};
			name = Release;
		};
		F51BFCFB0D26BB4E00E22363 /* Debug */ = {
			isa = XCBuildConfiguration;
			buildSettings = {
				COPY_PHASE_STRIP = YES;
				DEBUG_INFORMATION_FORMAT = "dwarf-with-dsym";
				DYLIB_COMPATIBILITY_VERSION = 1;
				DYLIB_CURRENT_VERSION = 1;
				FRAMEWORK_SEARCH_PATHS = (
					"$(inherited)",
					"$(FRAMEWORK_SEARCH_PATHS_QUOTED_FOR_TARGET_1)",
					"$(FRAMEWORK_SEARCH_PATHS_QUOTED_FOR_TARGET_2)",
				);
				FRAMEWORK_SEARCH_PATHS_QUOTED_FOR_TARGET_1 = "\"$(SYSTEM_LIBRARY_DIR)/PrivateFrameworks\"";
				FRAMEWORK_SEARCH_PATHS_QUOTED_FOR_TARGET_2 = "\"$(SYSTEM_LIBRARY_DIR)/PrivateFrameworks\"";
				FRAMEWORK_VERSION = A;
				GCC_PRECOMPILE_PREFIX_HEADER = YES;
				GCC_PREFIX_HEADER = "$(SYSTEM_LIBRARY_DIR)/Frameworks/AppKit.framework/Headers/AppKit.h";
				INFOPLIST_FILE = "SapphireLeopardCompatClasses-Info.plist";
				INSTALL_PATH = "$(HOME)/Library/Frameworks";
				OTHER_LDFLAGS = (
					"-framework",
					Foundation,
					"-framework",
					AppKit,
				);
				PREBINDING = NO;
				PRODUCT_NAME = SapphireLeopardCompatClasses;
			};
			name = Debug;
		};
		F51BFCFC0D26BB4E00E22363 /* Release */ = {
			isa = XCBuildConfiguration;
			buildSettings = {
				COPY_PHASE_STRIP = YES;
				DEBUG_INFORMATION_FORMAT = "dwarf-with-dsym";
				DYLIB_COMPATIBILITY_VERSION = 1;
				DYLIB_CURRENT_VERSION = 1;
				FRAMEWORK_SEARCH_PATHS = (
					"$(inherited)",
					"$(FRAMEWORK_SEARCH_PATHS_QUOTED_FOR_TARGET_1)",
					"$(FRAMEWORK_SEARCH_PATHS_QUOTED_FOR_TARGET_2)",
				);
				FRAMEWORK_SEARCH_PATHS_QUOTED_FOR_TARGET_1 = "\"$(SYSTEM_LIBRARY_DIR)/PrivateFrameworks\"";
				FRAMEWORK_SEARCH_PATHS_QUOTED_FOR_TARGET_2 = "\"$(SYSTEM_LIBRARY_DIR)/PrivateFrameworks\"";
				FRAMEWORK_VERSION = A;
				GCC_PRECOMPILE_PREFIX_HEADER = YES;
				GCC_PREFIX_HEADER = "$(SYSTEM_LIBRARY_DIR)/Frameworks/AppKit.framework/Headers/AppKit.h";
				INFOPLIST_FILE = "SapphireLeopardCompatClasses-Info.plist";
				INSTALL_PATH = "$(HOME)/Library/Frameworks";
				OTHER_LDFLAGS = (
					"-framework",
					Foundation,
					"-framework",
					AppKit,
				);
				PREBINDING = NO;
				PRODUCT_NAME = SapphireLeopardCompatClasses;
			};
			name = Release;
		};
		F54A377E109F420100DCC808 /* Debug */ = {
			isa = XCBuildConfiguration;
			buildSettings = {
				COPY_PHASE_STRIP = YES;
				DYLIB_COMPATIBILITY_VERSION = 1;
				DYLIB_CURRENT_VERSION = 1;
				FRAMEWORK_SEARCH_PATHS = (
					"$(inherited)",
					"$(FRAMEWORK_SEARCH_PATHS_QUOTED_FOR_TARGET_1)",
					"$(FRAMEWORK_SEARCH_PATHS_QUOTED_FOR_TARGET_2)",
					"$(FRAMEWORK_SEARCH_PATHS_QUOTED_FOR_TARGET_3)",
				);
				FRAMEWORK_SEARCH_PATHS_QUOTED_FOR_TARGET_1 = "\"$(SYSTEM_LIBRARY_DIR)/PrivateFrameworks\"";
				FRAMEWORK_SEARCH_PATHS_QUOTED_FOR_TARGET_2 = "\"$(SYSTEM_LIBRARY_DIR)/PrivateFrameworks\"";
				FRAMEWORK_SEARCH_PATHS_QUOTED_FOR_TARGET_3 = "\"$(SYSTEM_LIBRARY_DIR)/PrivateFrameworks\"";
				FRAMEWORK_VERSION = A;
				GCC_PRECOMPILE_PREFIX_HEADER = YES;
				GCC_PREFIX_HEADER = "$(SYSTEM_LIBRARY_DIR)/Frameworks/AppKit.framework/Headers/AppKit.h";
				INFOPLIST_FILE = "SapphireTakeThreeCompatClasses-Info.plist";
				INSTALL_PATH = "$(HOME)/Library/Frameworks";
				OTHER_LDFLAGS = (
					"-framework",
					Foundation,
					"-framework",
					AppKit,
				);
				PREBINDING = NO;
				PRODUCT_NAME = SapphireTakeThreeCompatClasses;
			};
			name = Debug;
		};
		F54A377F109F420100DCC808 /* Release */ = {
			isa = XCBuildConfiguration;
			buildSettings = {
				COPY_PHASE_STRIP = YES;
				DEBUG_INFORMATION_FORMAT = "dwarf-with-dsym";
				DYLIB_COMPATIBILITY_VERSION = 1;
				DYLIB_CURRENT_VERSION = 1;
				FRAMEWORK_SEARCH_PATHS = (
					"$(inherited)",
					"$(FRAMEWORK_SEARCH_PATHS_QUOTED_FOR_TARGET_1)",
					"$(FRAMEWORK_SEARCH_PATHS_QUOTED_FOR_TARGET_2)",
					"$(FRAMEWORK_SEARCH_PATHS_QUOTED_FOR_TARGET_3)",
				);
				FRAMEWORK_SEARCH_PATHS_QUOTED_FOR_TARGET_1 = "\"$(SYSTEM_LIBRARY_DIR)/PrivateFrameworks\"";
				FRAMEWORK_SEARCH_PATHS_QUOTED_FOR_TARGET_2 = "\"$(SYSTEM_LIBRARY_DIR)/PrivateFrameworks\"";
				FRAMEWORK_SEARCH_PATHS_QUOTED_FOR_TARGET_3 = "\"$(SYSTEM_LIBRARY_DIR)/PrivateFrameworks\"";
				FRAMEWORK_VERSION = A;
				GCC_PRECOMPILE_PREFIX_HEADER = YES;
				GCC_PREFIX_HEADER = "$(SYSTEM_LIBRARY_DIR)/Frameworks/AppKit.framework/Headers/AppKit.h";
				INFOPLIST_FILE = "SapphireTakeThreeCompatClasses-Info.plist";
				INSTALL_PATH = "$(HOME)/Library/Frameworks";
				OTHER_LDFLAGS = (
					"-framework",
					Foundation,
					"-framework",
					AppKit,
				);
				PREBINDING = NO;
				PRODUCT_NAME = SapphireTakeThreeCompatClasses;
			};
			name = Release;
		};
		F571B4BB0E96F62C00B7FD9D /* Debug */ = {
			isa = XCBuildConfiguration;
			buildSettings = {
				COPY_PHASE_STRIP = YES;
				DEBUG_INFORMATION_FORMAT = "dwarf-with-dsym";
				DYLIB_COMPATIBILITY_VERSION = 1;
				DYLIB_CURRENT_VERSION = 1;
				FRAMEWORK_SEARCH_PATHS = (
					"$(inherited)",
					"$(FRAMEWORK_SEARCH_PATHS_QUOTED_FOR_TARGET_1)",
					"$(FRAMEWORK_SEARCH_PATHS_QUOTED_FOR_TARGET_2)",
				);
				FRAMEWORK_SEARCH_PATHS_QUOTED_FOR_TARGET_1 = "\"$(SYSTEM_LIBRARY_DIR)/PrivateFrameworks\"";
				FRAMEWORK_SEARCH_PATHS_QUOTED_FOR_TARGET_2 = "\"$(SYSTEM_LIBRARY_DIR)/PrivateFrameworks\"";
				FRAMEWORK_VERSION = A;
				GCC_PRECOMPILE_PREFIX_HEADER = YES;
				GCC_PREFIX_HEADER = "$(SYSTEM_LIBRARY_DIR)/Frameworks/AppKit.framework/Headers/AppKit.h";
				INFOPLIST_FILE = "SapphireTakeTwoPointTwoCompatClasses-Info.plist";
				INSTALL_PATH = "$(HOME)/Library/Frameworks";
				OTHER_LDFLAGS = (
					"-framework",
					Foundation,
					"-framework",
					AppKit,
					"-undefined",
					dynamic_lookup,
				);
				PREBINDING = NO;
				PRODUCT_NAME = SapphireTakeTwoPointTwoCompatClasses;
			};
			name = Debug;
		};
		F571B4BC0E96F62C00B7FD9D /* Release */ = {
			isa = XCBuildConfiguration;
			buildSettings = {
				COPY_PHASE_STRIP = YES;
				DEBUG_INFORMATION_FORMAT = "dwarf-with-dsym";
				DYLIB_COMPATIBILITY_VERSION = 1;
				DYLIB_CURRENT_VERSION = 1;
				FRAMEWORK_SEARCH_PATHS = (
					"$(inherited)",
					"$(FRAMEWORK_SEARCH_PATHS_QUOTED_FOR_TARGET_1)",
					"$(FRAMEWORK_SEARCH_PATHS_QUOTED_FOR_TARGET_2)",
				);
				FRAMEWORK_SEARCH_PATHS_QUOTED_FOR_TARGET_1 = "\"$(SYSTEM_LIBRARY_DIR)/PrivateFrameworks\"";
				FRAMEWORK_SEARCH_PATHS_QUOTED_FOR_TARGET_2 = "\"$(SYSTEM_LIBRARY_DIR)/PrivateFrameworks\"";
				FRAMEWORK_VERSION = A;
				GCC_PRECOMPILE_PREFIX_HEADER = YES;
				GCC_PREFIX_HEADER = "$(SYSTEM_LIBRARY_DIR)/Frameworks/AppKit.framework/Headers/AppKit.h";
				INFOPLIST_FILE = "SapphireTakeTwoPointTwoCompatClasses-Info.plist";
				INSTALL_PATH = "$(HOME)/Library/Frameworks";
				OTHER_LDFLAGS = (
					"-framework",
					Foundation,
					"-framework",
					AppKit,
					"-undefined",
					dynamic_lookup,
				);
				PREBINDING = NO;
				PRODUCT_NAME = SapphireTakeTwoPointTwoCompatClasses;
			};
			name = Release;
		};
		F5958121103EE5FB000A187C /* Debug */ = {
			isa = XCBuildConfiguration;
			buildSettings = {
				COPY_PHASE_STRIP = NO;
				GCC_DYNAMIC_NO_PIC = NO;
				GCC_OPTIMIZATION_LEVEL = 0;
				PRODUCT_NAME = "Make SVN Rev";
			};
			name = Debug;
		};
		F5958122103EE5FB000A187C /* Release */ = {
			isa = XCBuildConfiguration;
			buildSettings = {
				COPY_PHASE_STRIP = YES;
				DEBUG_INFORMATION_FORMAT = "dwarf-with-dsym";
				GCC_ENABLE_FIX_AND_CONTINUE = NO;
				PRODUCT_NAME = "Make SVN Rev";
				ZERO_LINK = NO;
			};
			name = Release;
		};
/* End XCBuildConfiguration section */

/* Begin XCConfigurationList section */
		DCA299C70D64A3B30092E9BB /* Build configuration list for PBXNativeTarget "SapphireTakeTwoCompatClasses" */ = {
			isa = XCConfigurationList;
			buildConfigurations = (
				DCA299C80D64A3B30092E9BB /* Debug */,
				DCA299C90D64A3B30092E9BB /* Release */,
			);
			defaultConfigurationIsVisible = 0;
			defaultConfigurationName = Release;
		};
		F51BFCAA0D26B86800E22363 /* Build configuration list for PBXProject "SapphireCompatibilityClasses" */ = {
			isa = XCConfigurationList;
			buildConfigurations = (
				F51BFCA80D26B86800E22363 /* Debug */,
				F51BFCA90D26B86800E22363 /* Release */,
			);
			defaultConfigurationIsVisible = 0;
			defaultConfigurationName = Release;
		};
		F51BFCD60D26BAEE00E22363 /* Build configuration list for PBXNativeTarget "SapphireCompatClasses" */ = {
			isa = XCConfigurationList;
			buildConfigurations = (
				F51BFCD40D26BAEE00E22363 /* Debug */,
				F51BFCD50D26BAEE00E22363 /* Release */,
			);
			defaultConfigurationIsVisible = 0;
			defaultConfigurationName = Release;
		};
		F51BFCFD0D26BB4E00E22363 /* Build configuration list for PBXNativeTarget "SapphireLeopardCompatClasses" */ = {
			isa = XCConfigurationList;
			buildConfigurations = (
				F51BFCFB0D26BB4E00E22363 /* Debug */,
				F51BFCFC0D26BB4E00E22363 /* Release */,
			);
			defaultConfigurationIsVisible = 0;
			defaultConfigurationName = Release;
		};
		F54A3780109F420100DCC808 /* Build configuration list for PBXNativeTarget "SapphireTakeThreeCompatClasses" */ = {
			isa = XCConfigurationList;
			buildConfigurations = (
				F54A377E109F420100DCC808 /* Debug */,
				F54A377F109F420100DCC808 /* Release */,
			);
			defaultConfigurationIsVisible = 0;
			defaultConfigurationName = Release;
		};
		F571B4C00E96F62C00B7FD9D /* Build configuration list for PBXNativeTarget "SapphireTakeTwoPointTwoCompatClasses" */ = {
			isa = XCConfigurationList;
			buildConfigurations = (
				F571B4BB0E96F62C00B7FD9D /* Debug */,
				F571B4BC0E96F62C00B7FD9D /* Release */,
			);
			defaultConfigurationIsVisible = 0;
			defaultConfigurationName = Release;
		};
		F5958128103EE65A000A187C /* Build configuration list for PBXAggregateTarget "Make SVN Rev" */ = {
			isa = XCConfigurationList;
			buildConfigurations = (
				F5958121103EE5FB000A187C /* Debug */,
				F5958122103EE5FB000A187C /* Release */,
			);
			defaultConfigurationIsVisible = 0;
			defaultConfigurationName = Release;
		};
/* End XCConfigurationList section */
	};
	rootObject = F51BFCA70D26B86800E22363 /* Project object */;
}
